// !$*UTF8*$!
{
	archiveVersion = 1;
	classes = {
	};
	objectVersion = 50;
	objects = {

/* Begin PBXBuildFile section */
		045F543520EDFA8800B0327A /* AppDelegate.m in Sources */ = {isa = PBXBuildFile; fileRef = 045F543420EDFA8800B0327A /* AppDelegate.m */; };
		045F543820EDFA8800B0327A /* ViewController.m in Sources */ = {isa = PBXBuildFile; fileRef = 045F543720EDFA8800B0327A /* ViewController.m */; };
		045F543B20EDFA8800B0327A /* Main.storyboard in Resources */ = {isa = PBXBuildFile; fileRef = 045F543920EDFA8800B0327A /* Main.storyboard */; };
		045F543D20EDFA9C00B0327A /* Assets.xcassets in Resources */ = {isa = PBXBuildFile; fileRef = 045F543C20EDFA9C00B0327A /* Assets.xcassets */; };
		045F544020EDFA9C00B0327A /* LaunchScreen.storyboard in Resources */ = {isa = PBXBuildFile; fileRef = 045F543E20EDFA9C00B0327A /* LaunchScreen.storyboard */; };
		045F544320EDFA9D00B0327A /* main.m in Sources */ = {isa = PBXBuildFile; fileRef = 045F544220EDFA9D00B0327A /* main.m */; };
		045F544D20EDFA9D00B0327A /* IOS_DesignMode_DemoTests.m in Sources */ = {isa = PBXBuildFile; fileRef = 045F544C20EDFA9D00B0327A /* IOS_DesignMode_DemoTests.m */; };
		045F545820EDFA9D00B0327A /* IOS_DesignMode_DemoUITests.m in Sources */ = {isa = PBXBuildFile; fileRef = 045F545720EDFA9D00B0327A /* IOS_DesignMode_DemoUITests.m */; };
		045F546720EDFBCE00B0327A /* IOS_BuilderMode_Readme.md in Resources */ = {isa = PBXBuildFile; fileRef = 045F546620EDFBCE00B0327A /* IOS_BuilderMode_Readme.md */; };
		045F546B20EDFDB200B0327A /* DMRBuilder.m in Sources */ = {isa = PBXBuildFile; fileRef = 045F546A20EDFDB200B0327A /* DMRBuilder.m */; };
		045F546E20EDFE7E00B0327A /* DMRProduct.m in Sources */ = {isa = PBXBuildFile; fileRef = 045F546D20EDFE7E00B0327A /* DMRProduct.m */; };
		045F547120EE035C00B0327A /* DMRDirector.m in Sources */ = {isa = PBXBuildFile; fileRef = 045F547020EE035C00B0327A /* DMRDirector.m */; };
		045F547420EE06A500B0327A /* DMRDirectorBuilder.m in Sources */ = {isa = PBXBuildFile; fileRef = 045F547320EE06A500B0327A /* DMRDirectorBuilder.m */; };
		045F547720EE0FE000B0327A /* IOS_PrototypeMode_README.md in Resources */ = {isa = PBXBuildFile; fileRef = 045F547620EE0FE000B0327A /* IOS_PrototypeMode_README.md */; };
		045F547B20EE147A00B0327A /* DMRPrototype.m in Sources */ = {isa = PBXBuildFile; fileRef = 045F547A20EE147A00B0327A /* DMRPrototype.m */; };
		045F547E20EE19A100B0327A /* DMRPrototypeClient.m in Sources */ = {isa = PBXBuildFile; fileRef = 045F547D20EE19A100B0327A /* DMRPrototypeClient.m */; };
/* End PBXBuildFile section */

/* Begin PBXContainerItemProxy section */
		045F544920EDFA9D00B0327A /* PBXContainerItemProxy */ = {
			isa = PBXContainerItemProxy;
			containerPortal = 045F542820EDFA8800B0327A /* Project object */;
			proxyType = 1;
			remoteGlobalIDString = 045F542F20EDFA8800B0327A;
			remoteInfo = IOS_DesignMode_Demo;
		};
		045F545420EDFA9D00B0327A /* PBXContainerItemProxy */ = {
			isa = PBXContainerItemProxy;
			containerPortal = 045F542820EDFA8800B0327A /* Project object */;
			proxyType = 1;
			remoteGlobalIDString = 045F542F20EDFA8800B0327A;
			remoteInfo = IOS_DesignMode_Demo;
		};
/* End PBXContainerItemProxy section */

/* Begin PBXFileReference section */
		045F543020EDFA8800B0327A /* IOS_DesignMode_Demo.app */ = {isa = PBXFileReference; explicitFileType = wrapper.application; includeInIndex = 0; path = IOS_DesignMode_Demo.app; sourceTree = BUILT_PRODUCTS_DIR; };
		045F543320EDFA8800B0327A /* AppDelegate.h */ = {isa = PBXFileReference; lastKnownFileType = sourcecode.c.h; path = AppDelegate.h; sourceTree = "<group>"; };
		045F543420EDFA8800B0327A /* AppDelegate.m */ = {isa = PBXFileReference; lastKnownFileType = sourcecode.c.objc; path = AppDelegate.m; sourceTree = "<group>"; };
		045F543620EDFA8800B0327A /* ViewController.h */ = {isa = PBXFileReference; lastKnownFileType = sourcecode.c.h; path = ViewController.h; sourceTree = "<group>"; };
		045F543720EDFA8800B0327A /* ViewController.m */ = {isa = PBXFileReference; lastKnownFileType = sourcecode.c.objc; path = ViewController.m; sourceTree = "<group>"; };
		045F543A20EDFA8800B0327A /* Base */ = {isa = PBXFileReference; lastKnownFileType = file.storyboard; name = Base; path = Base.lproj/Main.storyboard; sourceTree = "<group>"; };
		045F543C20EDFA9C00B0327A /* Assets.xcassets */ = {isa = PBXFileReference; lastKnownFileType = folder.assetcatalog; path = Assets.xcassets; sourceTree = "<group>"; };
		045F543F20EDFA9C00B0327A /* Base */ = {isa = PBXFileReference; lastKnownFileType = file.storyboard; name = Base; path = Base.lproj/LaunchScreen.storyboard; sourceTree = "<group>"; };
		045F544120EDFA9D00B0327A /* Info.plist */ = {isa = PBXFileReference; lastKnownFileType = text.plist.xml; path = Info.plist; sourceTree = "<group>"; };
		045F544220EDFA9D00B0327A /* main.m */ = {isa = PBXFileReference; lastKnownFileType = sourcecode.c.objc; path = main.m; sourceTree = "<group>"; };
		045F544820EDFA9D00B0327A /* IOS_DesignMode_DemoTests.xctest */ = {isa = PBXFileReference; explicitFileType = wrapper.cfbundle; includeInIndex = 0; path = IOS_DesignMode_DemoTests.xctest; sourceTree = BUILT_PRODUCTS_DIR; };
		045F544C20EDFA9D00B0327A /* IOS_DesignMode_DemoTests.m */ = {isa = PBXFileReference; lastKnownFileType = sourcecode.c.objc; path = IOS_DesignMode_DemoTests.m; sourceTree = "<group>"; };
		045F544E20EDFA9D00B0327A /* Info.plist */ = {isa = PBXFileReference; lastKnownFileType = text.plist.xml; path = Info.plist; sourceTree = "<group>"; };
		045F545320EDFA9D00B0327A /* IOS_DesignMode_DemoUITests.xctest */ = {isa = PBXFileReference; explicitFileType = wrapper.cfbundle; includeInIndex = 0; path = IOS_DesignMode_DemoUITests.xctest; sourceTree = BUILT_PRODUCTS_DIR; };
		045F545720EDFA9D00B0327A /* IOS_DesignMode_DemoUITests.m */ = {isa = PBXFileReference; lastKnownFileType = sourcecode.c.objc; path = IOS_DesignMode_DemoUITests.m; sourceTree = "<group>"; };
		045F545920EDFA9D00B0327A /* Info.plist */ = {isa = PBXFileReference; lastKnownFileType = text.plist.xml; path = Info.plist; sourceTree = "<group>"; };
		045F546620EDFBCE00B0327A /* IOS_BuilderMode_Readme.md */ = {isa = PBXFileReference; lastKnownFileType = net.daringfireball.markdown; path = IOS_BuilderMode_Readme.md; sourceTree = "<group>"; };
		045F546820EDFD5F00B0327A /* DMRBuilderProtocol.h */ = {isa = PBXFileReference; lastKnownFileType = sourcecode.c.h; path = DMRBuilderProtocol.h; sourceTree = "<group>"; };
		045F546920EDFDB200B0327A /* DMRBuilder.h */ = {isa = PBXFileReference; lastKnownFileType = sourcecode.c.h; path = DMRBuilder.h; sourceTree = "<group>"; };
		045F546A20EDFDB200B0327A /* DMRBuilder.m */ = {isa = PBXFileReference; lastKnownFileType = sourcecode.c.objc; path = DMRBuilder.m; sourceTree = "<group>"; };
		045F546C20EDFE7E00B0327A /* DMRProduct.h */ = {isa = PBXFileReference; lastKnownFileType = sourcecode.c.h; path = DMRProduct.h; sourceTree = "<group>"; };
		045F546D20EDFE7E00B0327A /* DMRProduct.m */ = {isa = PBXFileReference; lastKnownFileType = sourcecode.c.objc; path = DMRProduct.m; sourceTree = "<group>"; };
		045F546F20EE035C00B0327A /* DMRDirector.h */ = {isa = PBXFileReference; lastKnownFileType = sourcecode.c.h; path = DMRDirector.h; sourceTree = "<group>"; };
		045F547020EE035C00B0327A /* DMRDirector.m */ = {isa = PBXFileReference; lastKnownFileType = sourcecode.c.objc; path = DMRDirector.m; sourceTree = "<group>"; };
		045F547220EE06A500B0327A /* DMRDirectorBuilder.h */ = {isa = PBXFileReference; lastKnownFileType = sourcecode.c.h; path = DMRDirectorBuilder.h; sourceTree = "<group>"; };
		045F547320EE06A500B0327A /* DMRDirectorBuilder.m */ = {isa = PBXFileReference; lastKnownFileType = sourcecode.c.objc; path = DMRDirectorBuilder.m; sourceTree = "<group>"; };
		045F547620EE0FE000B0327A /* IOS_PrototypeMode_README.md */ = {isa = PBXFileReference; lastKnownFileType = net.daringfireball.markdown; path = IOS_PrototypeMode_README.md; sourceTree = "<group>"; };
		045F547920EE147A00B0327A /* DMRPrototype.h */ = {isa = PBXFileReference; lastKnownFileType = sourcecode.c.h; path = DMRPrototype.h; sourceTree = "<group>"; };
		045F547A20EE147A00B0327A /* DMRPrototype.m */ = {isa = PBXFileReference; lastKnownFileType = sourcecode.c.objc; path = DMRPrototype.m; sourceTree = "<group>"; };
		045F547C20EE19A100B0327A /* DMRPrototypeClient.h */ = {isa = PBXFileReference; lastKnownFileType = sourcecode.c.h; path = DMRPrototypeClient.h; sourceTree = "<group>"; };
		045F547D20EE19A100B0327A /* DMRPrototypeClient.m */ = {isa = PBXFileReference; lastKnownFileType = sourcecode.c.objc; path = DMRPrototypeClient.m; sourceTree = "<group>"; };
/* End PBXFileReference section */

/* Begin PBXFrameworksBuildPhase section */
		045F542D20EDFA8800B0327A /* Frameworks */ = {
			isa = PBXFrameworksBuildPhase;
			buildActionMask = 2147483647;
			files = (
			);
			runOnlyForDeploymentPostprocessing = 0;
		};
		045F544520EDFA9D00B0327A /* Frameworks */ = {
			isa = PBXFrameworksBuildPhase;
			buildActionMask = 2147483647;
			files = (
			);
			runOnlyForDeploymentPostprocessing = 0;
		};
		045F545020EDFA9D00B0327A /* Frameworks */ = {
			isa = PBXFrameworksBuildPhase;
			buildActionMask = 2147483647;
			files = (
			);
			runOnlyForDeploymentPostprocessing = 0;
		};
/* End PBXFrameworksBuildPhase section */

/* Begin PBXGroup section */
		045F542720EDFA8800B0327A = {
			isa = PBXGroup;
			children = (
				045F543220EDFA8800B0327A /* IOS_DesignMode_Demo */,
				045F544B20EDFA9D00B0327A /* IOS_DesignMode_DemoTests */,
				045F545620EDFA9D00B0327A /* IOS_DesignMode_DemoUITests */,
				045F543120EDFA8800B0327A /* Products */,
			);
			sourceTree = "<group>";
		};
		045F543120EDFA8800B0327A /* Products */ = {
			isa = PBXGroup;
			children = (
				045F543020EDFA8800B0327A /* IOS_DesignMode_Demo.app */,
				045F544820EDFA9D00B0327A /* IOS_DesignMode_DemoTests.xctest */,
				045F545320EDFA9D00B0327A /* IOS_DesignMode_DemoUITests.xctest */,
			);
			name = Products;
			sourceTree = "<group>";
		};
		045F543220EDFA8800B0327A /* IOS_DesignMode_Demo */ = {
			isa = PBXGroup;
			children = (
				045F547520EE0F7200B0327A /* IOS_PrototypeMode */,
				045F546520EDFB4900B0327A /* IOS_BuilderMode */,
				045F543320EDFA8800B0327A /* AppDelegate.h */,
				045F543420EDFA8800B0327A /* AppDelegate.m */,
				045F543620EDFA8800B0327A /* ViewController.h */,
				045F543720EDFA8800B0327A /* ViewController.m */,
				045F543920EDFA8800B0327A /* Main.storyboard */,
				045F543C20EDFA9C00B0327A /* Assets.xcassets */,
				045F543E20EDFA9C00B0327A /* LaunchScreen.storyboard */,
				045F544120EDFA9D00B0327A /* Info.plist */,
				045F544220EDFA9D00B0327A /* main.m */,
			);
			path = IOS_DesignMode_Demo;
			sourceTree = "<group>";
		};
		045F544B20EDFA9D00B0327A /* IOS_DesignMode_DemoTests */ = {
			isa = PBXGroup;
			children = (
				045F544C20EDFA9D00B0327A /* IOS_DesignMode_DemoTests.m */,
				045F544E20EDFA9D00B0327A /* Info.plist */,
			);
			path = IOS_DesignMode_DemoTests;
			sourceTree = "<group>";
		};
		045F545620EDFA9D00B0327A /* IOS_DesignMode_DemoUITests */ = {
			isa = PBXGroup;
			children = (
				045F545720EDFA9D00B0327A /* IOS_DesignMode_DemoUITests.m */,
				045F545920EDFA9D00B0327A /* Info.plist */,
			);
			path = IOS_DesignMode_DemoUITests;
			sourceTree = "<group>";
		};
		045F546520EDFB4900B0327A /* IOS_BuilderMode */ = {
			isa = PBXGroup;
			children = (
				045F546620EDFBCE00B0327A /* IOS_BuilderMode_Readme.md */,
				045F546C20EDFE7E00B0327A /* DMRProduct.h */,
				045F546D20EDFE7E00B0327A /* DMRProduct.m */,
				045F546820EDFD5F00B0327A /* DMRBuilderProtocol.h */,
				045F546920EDFDB200B0327A /* DMRBuilder.h */,
				045F546A20EDFDB200B0327A /* DMRBuilder.m */,
				045F546F20EE035C00B0327A /* DMRDirector.h */,
				045F547020EE035C00B0327A /* DMRDirector.m */,
				045F547220EE06A500B0327A /* DMRDirectorBuilder.h */,
				045F547320EE06A500B0327A /* DMRDirectorBuilder.m */,
			);
			path = IOS_BuilderMode;
			sourceTree = "<group>";
		};
		045F547520EE0F7200B0327A /* IOS_PrototypeMode */ = {
			isa = PBXGroup;
			children = (
				045F547820EE136100B0327A /* Resource */,
				045F547620EE0FE000B0327A /* IOS_PrototypeMode_README.md */,
				045F547920EE147A00B0327A /* DMRPrototype.h */,
				045F547A20EE147A00B0327A /* DMRPrototype.m */,
				045F547C20EE19A100B0327A /* DMRPrototypeClient.h */,
				045F547D20EE19A100B0327A /* DMRPrototypeClient.m */,
			);
			path = IOS_PrototypeMode;
			sourceTree = "<group>";
		};
		045F547820EE136100B0327A /* Resource */ = {
			isa = PBXGroup;
			children = (
			);
			path = Resource;
			sourceTree = "<group>";
		};
/* End PBXGroup section */

/* Begin PBXNativeTarget section */
		045F542F20EDFA8800B0327A /* IOS_DesignMode_Demo */ = {
			isa = PBXNativeTarget;
			buildConfigurationList = 045F545C20EDFA9D00B0327A /* Build configuration list for PBXNativeTarget "IOS_DesignMode_Demo" */;
			buildPhases = (
				045F542C20EDFA8800B0327A /* Sources */,
				045F542D20EDFA8800B0327A /* Frameworks */,
				045F542E20EDFA8800B0327A /* Resources */,
			);
			buildRules = (
			);
			dependencies = (
			);
			name = IOS_DesignMode_Demo;
			productName = IOS_DesignMode_Demo;
			productReference = 045F543020EDFA8800B0327A /* IOS_DesignMode_Demo.app */;
			productType = "com.apple.product-type.application";
		};
		045F544720EDFA9D00B0327A /* IOS_DesignMode_DemoTests */ = {
			isa = PBXNativeTarget;
			buildConfigurationList = 045F545F20EDFA9D00B0327A /* Build configuration list for PBXNativeTarget "IOS_DesignMode_DemoTests" */;
			buildPhases = (
				045F544420EDFA9D00B0327A /* Sources */,
				045F544520EDFA9D00B0327A /* Frameworks */,
				045F544620EDFA9D00B0327A /* Resources */,
			);
			buildRules = (
			);
			dependencies = (
				045F544A20EDFA9D00B0327A /* PBXTargetDependency */,
			);
			name = IOS_DesignMode_DemoTests;
			productName = IOS_DesignMode_DemoTests;
			productReference = 045F544820EDFA9D00B0327A /* IOS_DesignMode_DemoTests.xctest */;
			productType = "com.apple.product-type.bundle.unit-test";
		};
		045F545220EDFA9D00B0327A /* IOS_DesignMode_DemoUITests */ = {
			isa = PBXNativeTarget;
			buildConfigurationList = 045F546220EDFA9D00B0327A /* Build configuration list for PBXNativeTarget "IOS_DesignMode_DemoUITests" */;
			buildPhases = (
				045F544F20EDFA9D00B0327A /* Sources */,
				045F545020EDFA9D00B0327A /* Frameworks */,
				045F545120EDFA9D00B0327A /* Resources */,
			);
			buildRules = (
			);
			dependencies = (
				045F545520EDFA9D00B0327A /* PBXTargetDependency */,
			);
			name = IOS_DesignMode_DemoUITests;
			productName = IOS_DesignMode_DemoUITests;
			productReference = 045F545320EDFA9D00B0327A /* IOS_DesignMode_DemoUITests.xctest */;
			productType = "com.apple.product-type.bundle.ui-testing";
		};
/* End PBXNativeTarget section */

/* Begin PBXProject section */
		045F542820EDFA8800B0327A /* Project object */ = {
			isa = PBXProject;
			attributes = {
				LastUpgradeCheck = 0940;
				ORGANIZATIONNAME = Riven;
				TargetAttributes = {
					045F542F20EDFA8800B0327A = {
						CreatedOnToolsVersion = 9.4.1;
					};
					045F544720EDFA9D00B0327A = {
						CreatedOnToolsVersion = 9.4.1;
						TestTargetID = 045F542F20EDFA8800B0327A;
					};
					045F545220EDFA9D00B0327A = {
						CreatedOnToolsVersion = 9.4.1;
						TestTargetID = 045F542F20EDFA8800B0327A;
					};
				};
			};
			buildConfigurationList = 045F542B20EDFA8800B0327A /* Build configuration list for PBXProject "IOS_DesignMode_Demo" */;
			compatibilityVersion = "Xcode 9.3";
			developmentRegion = en;
			hasScannedForEncodings = 0;
			knownRegions = (
				en,
				Base,
			);
			mainGroup = 045F542720EDFA8800B0327A;
			productRefGroup = 045F543120EDFA8800B0327A /* Products */;
			projectDirPath = "";
			projectRoot = "";
			targets = (
				045F542F20EDFA8800B0327A /* IOS_DesignMode_Demo */,
				045F544720EDFA9D00B0327A /* IOS_DesignMode_DemoTests */,
				045F545220EDFA9D00B0327A /* IOS_DesignMode_DemoUITests */,
			);
		};
/* End PBXProject section */

/* Begin PBXResourcesBuildPhase section */
		045F542E20EDFA8800B0327A /* Resources */ = {
			isa = PBXResourcesBuildPhase;
			buildActionMask = 2147483647;
			files = (
				045F544020EDFA9C00B0327A /* LaunchScreen.storyboard in Resources */,
				045F543D20EDFA9C00B0327A /* Assets.xcassets in Resources */,
				045F547720EE0FE000B0327A /* IOS_PrototypeMode_README.md in Resources */,
				045F543B20EDFA8800B0327A /* Main.storyboard in Resources */,
				045F546720EDFBCE00B0327A /* IOS_BuilderMode_Readme.md in Resources */,
			);
			runOnlyForDeploymentPostprocessing = 0;
		};
		045F544620EDFA9D00B0327A /* Resources */ = {
			isa = PBXResourcesBuildPhase;
			buildActionMask = 2147483647;
			files = (
			);
			runOnlyForDeploymentPostprocessing = 0;
		};
		045F545120EDFA9D00B0327A /* Resources */ = {
			isa = PBXResourcesBuildPhase;
			buildActionMask = 2147483647;
			files = (
			);
			runOnlyForDeploymentPostprocessing = 0;
		};
/* End PBXResourcesBuildPhase section */

/* Begin PBXSourcesBuildPhase section */
		045F542C20EDFA8800B0327A /* Sources */ = {
			isa = PBXSourcesBuildPhase;
			buildActionMask = 2147483647;
			files = (
				045F543820EDFA8800B0327A /* ViewController.m in Sources */,
				045F546E20EDFE7E00B0327A /* DMRProduct.m in Sources */,
				045F547B20EE147A00B0327A /* DMRPrototype.m in Sources */,
				045F546B20EDFDB200B0327A /* DMRBuilder.m in Sources */,
				045F547E20EE19A100B0327A /* DMRPrototypeClient.m in Sources */,
				045F547420EE06A500B0327A /* DMRDirectorBuilder.m in Sources */,
				045F544320EDFA9D00B0327A /* main.m in Sources */,
				045F543520EDFA8800B0327A /* AppDelegate.m in Sources */,
				045F547120EE035C00B0327A /* DMRDirector.m in Sources */,
			);
			runOnlyForDeploymentPostprocessing = 0;
		};
		045F544420EDFA9D00B0327A /* Sources */ = {
			isa = PBXSourcesBuildPhase;
			buildActionMask = 2147483647;
			files = (
				045F544D20EDFA9D00B0327A /* IOS_DesignMode_DemoTests.m in Sources */,
			);
			runOnlyForDeploymentPostprocessing = 0;
		};
		045F544F20EDFA9D00B0327A /* Sources */ = {
			isa = PBXSourcesBuildPhase;
			buildActionMask = 2147483647;
			files = (
				045F545820EDFA9D00B0327A /* IOS_DesignMode_DemoUITests.m in Sources */,
			);
			runOnlyForDeploymentPostprocessing = 0;
		};
/* End PBXSourcesBuildPhase section */

/* Begin PBXTargetDependency section */
		045F544A20EDFA9D00B0327A /* PBXTargetDependency */ = {
			isa = PBXTargetDependency;
			target = 045F542F20EDFA8800B0327A /* IOS_DesignMode_Demo */;
			targetProxy = 045F544920EDFA9D00B0327A /* PBXContainerItemProxy */;
		};
		045F545520EDFA9D00B0327A /* PBXTargetDependency */ = {
			isa = PBXTargetDependency;
			target = 045F542F20EDFA8800B0327A /* IOS_DesignMode_Demo */;
			targetProxy = 045F545420EDFA9D00B0327A /* PBXContainerItemProxy */;
		};
/* End PBXTargetDependency section */

/* Begin PBXVariantGroup section */
		045F543920EDFA8800B0327A /* Main.storyboard */ = {
			isa = PBXVariantGroup;
			children = (
				045F543A20EDFA8800B0327A /* Base */,
			);
			name = Main.storyboard;
			sourceTree = "<group>";
		};
		045F543E20EDFA9C00B0327A /* LaunchScreen.storyboard */ = {
			isa = PBXVariantGroup;
			children = (
				045F543F20EDFA9C00B0327A /* Base */,
			);
			name = LaunchScreen.storyboard;
			sourceTree = "<group>";
		};
/* End PBXVariantGroup section */

/* Begin XCBuildConfiguration section */
		045F545A20EDFA9D00B0327A /* Debug */ = {
			isa = XCBuildConfiguration;
			buildSettings = {
				ALWAYS_SEARCH_USER_PATHS = NO;
				CLANG_ANALYZER_NONNULL = YES;
				CLANG_ANALYZER_NUMBER_OBJECT_CONVERSION = YES_AGGRESSIVE;
				CLANG_CXX_LANGUAGE_STANDARD = "gnu++14";
				CLANG_CXX_LIBRARY = "libc++";
				CLANG_ENABLE_MODULES = YES;
				CLANG_ENABLE_OBJC_ARC = YES;
				CLANG_ENABLE_OBJC_WEAK = YES;
				CLANG_WARN_BLOCK_CAPTURE_AUTORELEASING = YES;
				CLANG_WARN_BOOL_CONVERSION = YES;
				CLANG_WARN_COMMA = YES;
				CLANG_WARN_CONSTANT_CONVERSION = YES;
				CLANG_WARN_DEPRECATED_OBJC_IMPLEMENTATIONS = YES;
				CLANG_WARN_DIRECT_OBJC_ISA_USAGE = YES_ERROR;
				CLANG_WARN_DOCUMENTATION_COMMENTS = YES;
				CLANG_WARN_EMPTY_BODY = YES;
				CLANG_WARN_ENUM_CONVERSION = YES;
				CLANG_WARN_INFINITE_RECURSION = YES;
				CLANG_WARN_INT_CONVERSION = YES;
				CLANG_WARN_NON_LITERAL_NULL_CONVERSION = YES;
				CLANG_WARN_OBJC_IMPLICIT_RETAIN_SELF = YES;
				CLANG_WARN_OBJC_LITERAL_CONVERSION = YES;
				CLANG_WARN_OBJC_ROOT_CLASS = YES_ERROR;
				CLANG_WARN_RANGE_LOOP_ANALYSIS = YES;
				CLANG_WARN_STRICT_PROTOTYPES = YES;
				CLANG_WARN_SUSPICIOUS_MOVE = YES;
				CLANG_WARN_UNGUARDED_AVAILABILITY = YES_AGGRESSIVE;
				CLANG_WARN_UNREACHABLE_CODE = YES;
				CLANG_WARN__DUPLICATE_METHOD_MATCH = YES;
				CODE_SIGN_IDENTITY = "iPhone Developer";
				COPY_PHASE_STRIP = NO;
				DEBUG_INFORMATION_FORMAT = dwarf;
				ENABLE_STRICT_OBJC_MSGSEND = YES;
				ENABLE_TESTABILITY = YES;
				GCC_C_LANGUAGE_STANDARD = gnu11;
				GCC_DYNAMIC_NO_PIC = NO;
				GCC_NO_COMMON_BLOCKS = YES;
				GCC_OPTIMIZATION_LEVEL = 0;
				GCC_PREPROCESSOR_DEFINITIONS = (
					"DEBUG=1",
					"$(inherited)",
				);
				GCC_WARN_64_TO_32_BIT_CONVERSION = YES;
				GCC_WARN_ABOUT_RETURN_TYPE = YES_ERROR;
				GCC_WARN_UNDECLARED_SELECTOR = YES;
				GCC_WARN_UNINITIALIZED_AUTOS = YES_AGGRESSIVE;
				GCC_WARN_UNUSED_FUNCTION = YES;
				GCC_WARN_UNUSED_VARIABLE = YES;
				IPHONEOS_DEPLOYMENT_TARGET = 11.4;
				MTL_ENABLE_DEBUG_INFO = YES;
				ONLY_ACTIVE_ARCH = YES;
				SDKROOT = iphoneos;
			};
			name = Debug;
		};
		045F545B20EDFA9D00B0327A /* Release */ = {
			isa = XCBuildConfiguration;
			buildSettings = {
				ALWAYS_SEARCH_USER_PATHS = NO;
				CLANG_ANALYZER_NONNULL = YES;
				CLANG_ANALYZER_NUMBER_OBJECT_CONVERSION = YES_AGGRESSIVE;
				CLANG_CXX_LANGUAGE_STANDARD = "gnu++14";
				CLANG_CXX_LIBRARY = "libc++";
				CLANG_ENABLE_MODULES = YES;
				CLANG_ENABLE_OBJC_ARC = YES;
				CLANG_ENABLE_OBJC_WEAK = YES;
				CLANG_WARN_BLOCK_CAPTURE_AUTORELEASING = YES;
				CLANG_WARN_BOOL_CONVERSION = YES;
				CLANG_WARN_COMMA = YES;
				CLANG_WARN_CONSTANT_CONVERSION = YES;
				CLANG_WARN_DEPRECATED_OBJC_IMPLEMENTATIONS = YES;
				CLANG_WARN_DIRECT_OBJC_ISA_USAGE = YES_ERROR;
				CLANG_WARN_DOCUMENTATION_COMMENTS = YES;
				CLANG_WARN_EMPTY_BODY = YES;
				CLANG_WARN_ENUM_CONVERSION = YES;
				CLANG_WARN_INFINITE_RECURSION = YES;
				CLANG_WARN_INT_CONVERSION = YES;
				CLANG_WARN_NON_LITERAL_NULL_CONVERSION = YES;
				CLANG_WARN_OBJC_IMPLICIT_RETAIN_SELF = YES;
				CLANG_WARN_OBJC_LITERAL_CONVERSION = YES;
				CLANG_WARN_OBJC_ROOT_CLASS = YES_ERROR;
				CLANG_WARN_RANGE_LOOP_ANALYSIS = YES;
				CLANG_WARN_STRICT_PROTOTYPES = YES;
				CLANG_WARN_SUSPICIOUS_MOVE = YES;
				CLANG_WARN_UNGUARDED_AVAILABILITY = YES_AGGRESSIVE;
				CLANG_WARN_UNREACHABLE_CODE = YES;
				CLANG_WARN__DUPLICATE_METHOD_MATCH = YES;
				CODE_SIGN_IDENTITY = "iPhone Developer";
				COPY_PHASE_STRIP = NO;
				DEBUG_INFORMATION_FORMAT = "dwarf-with-dsym";
				ENABLE_NS_ASSERTIONS = NO;
				ENABLE_STRICT_OBJC_MSGSEND = YES;
				GCC_C_LANGUAGE_STANDARD = gnu11;
				GCC_NO_COMMON_BLOCKS = YES;
				GCC_WARN_64_TO_32_BIT_CONVERSION = YES;
				GCC_WARN_ABOUT_RETURN_TYPE = YES_ERROR;
				GCC_WARN_UNDECLARED_SELECTOR = YES;
				GCC_WARN_UNINITIALIZED_AUTOS = YES_AGGRESSIVE;
				GCC_WARN_UNUSED_FUNCTION = YES;
				GCC_WARN_UNUSED_VARIABLE = YES;
				IPHONEOS_DEPLOYMENT_TARGET = 11.4;
				MTL_ENABLE_DEBUG_INFO = NO;
				SDKROOT = iphoneos;
				VALIDATE_PRODUCT = YES;
			};
			name = Release;
		};
		045F545D20EDFA9D00B0327A /* Debug */ = {
			isa = XCBuildConfiguration;
			buildSettings = {
				ASSETCATALOG_COMPILER_APPICON_NAME = AppIcon;
				CODE_SIGN_STYLE = Automatic;
				INFOPLIST_FILE = IOS_DesignMode_Demo/Info.plist;
				LD_RUNPATH_SEARCH_PATHS = (
					"$(inherited)",
					"@executable_path/Frameworks",
				);
				PRODUCT_BUNDLE_IDENTIFIER = "com.riven.IOS-DesignMode-Demo";
				PRODUCT_NAME = "$(TARGET_NAME)";
				TARGETED_DEVICE_FAMILY = "1,2";
			};
			name = Debug;
		};
		045F545E20EDFA9D00B0327A /* Release */ = {
			isa = XCBuildConfiguration;
			buildSettings = {
				ASSETCATALOG_COMPILER_APPICON_NAME = AppIcon;
				CODE_SIGN_STYLE = Automatic;
				INFOPLIST_FILE = IOS_DesignMode_Demo/Info.plist;
				LD_RUNPATH_SEARCH_PATHS = (
					"$(inherited)",
					"@executable_path/Frameworks",
				);
				PRODUCT_BUNDLE_IDENTIFIER = "com.riven.IOS-DesignMode-Demo";
				PRODUCT_NAME = "$(TARGET_NAME)";
				TARGETED_DEVICE_FAMILY = "1,2";
			};
			name = Release;
		};
		045F546020EDFA9D00B0327A /* Debug */ = {
			isa = XCBuildConfiguration;
			buildSettings = {
				BUNDLE_LOADER = "$(TEST_HOST)";
				CODE_SIGN_STYLE = Automatic;
				INFOPLIST_FILE = IOS_DesignMode_DemoTests/Info.plist;
				LD_RUNPATH_SEARCH_PATHS = (
					"$(inherited)",
					"@executable_path/Frameworks",
					"@loader_path/Frameworks",
				);
				PRODUCT_BUNDLE_IDENTIFIER = "com.riven.IOS-DesignMode-DemoTests";
				PRODUCT_NAME = "$(TARGET_NAME)";
				TARGETED_DEVICE_FAMILY = "1,2";
				TEST_HOST = "$(BUILT_PRODUCTS_DIR)/IOS_DesignMode_Demo.app/IOS_DesignMode_Demo";
			};
			name = Debug;
		};
		045F546120EDFA9D00B0327A /* Release */ = {
			isa = XCBuildConfiguration;
			buildSettings = {
				BUNDLE_LOADER = "$(TEST_HOST)";
				CODE_SIGN_STYLE = Automatic;
				INFOPLIST_FILE = IOS_DesignMode_DemoTests/Info.plist;
				LD_RUNPATH_SEARCH_PATHS = (
					"$(inherited)",
					"@executable_path/Frameworks",
					"@loader_path/Frameworks",
				);
				PRODUCT_BUNDLE_IDENTIFIER = "com.riven.IOS-DesignMode-DemoTests";
				PRODUCT_NAME = "$(TARGET_NAME)";
				TARGETED_DEVICE_FAMILY = "1,2";
				TEST_HOST = "$(BUILT_PRODUCTS_DIR)/IOS_DesignMode_Demo.app/IOS_DesignMode_Demo";
			};
			name = Release;
		};
		045F546320EDFA9D00B0327A /* Debug */ = {
			isa = XCBuildConfiguration;
			buildSettings = {
				CODE_SIGN_STYLE = Automatic;
				INFOPLIST_FILE = IOS_DesignMode_DemoUITests/Info.plist;
				LD_RUNPATH_SEARCH_PATHS = (
					"$(inherited)",
					"@executable_path/Frameworks",
					"@loader_path/Frameworks",
				);
				PRODUCT_BUNDLE_IDENTIFIER = "com.riven.IOS-DesignMode-DemoUITests";
				PRODUCT_NAME = "$(TARGET_NAME)";
				TARGETED_DEVICE_FAMILY = "1,2";
				TEST_TARGET_NAME = IOS_DesignMode_Demo;
			};
			name = Debug;
		};
		045F546420EDFA9D00B0327A /* Release */ = {
			isa = XCBuildConfiguration;
			buildSettings = {
				CODE_SIGN_STYLE = Automatic;
				INFOPLIST_FILE = IOS_DesignMode_DemoUITests/Info.plist;
				LD_RUNPATH_SEARCH_PATHS = (
					"$(inherited)",
					"@executable_path/Frameworks",
					"@loader_path/Frameworks",
				);
				PRODUCT_BUNDLE_IDENTIFIER = "com.riven.IOS-DesignMode-DemoUITests";
				PRODUCT_NAME = "$(TARGET_NAME)";
				TARGETED_DEVICE_FAMILY = "1,2";
				TEST_TARGET_NAME = IOS_DesignMode_Demo;
			};
			name = Release;
		};
/* End XCBuildConfiguration section */

/* Begin XCConfigurationList section */
		045F542B20EDFA8800B0327A /* Build configuration list for PBXProject "IOS_DesignMode_Demo" */ = {
			isa = XCConfigurationList;
			buildConfigurations = (
				045F545A20EDFA9D00B0327A /* Debug */,
				045F545B20EDFA9D00B0327A /* Release */,
			);
			defaultConfigurationIsVisible = 0;
			defaultConfigurationName = Release;
		};
		045F545C20EDFA9D00B0327A /* Build configuration list for PBXNativeTarget "IOS_DesignMode_Demo" */ = {
			isa = XCConfigurationList;
			buildConfigurations = (
				045F545D20EDFA9D00B0327A /* Debug */,
				045F545E20EDFA9D00B0327A /* Release */,
			);
			defaultConfigurationIsVisible = 0;
			defaultConfigurationName = Release;
		};
		045F545F20EDFA9D00B0327A /* Build configuration list for PBXNativeTarget "IOS_DesignMode_DemoTests" */ = {
			isa = XCConfigurationList;
			buildConfigurations = (
				045F546020EDFA9D00B0327A /* Debug */,
				045F546120EDFA9D00B0327A /* Release */,
			);
			defaultConfigurationIsVisible = 0;
			defaultConfigurationName = Release;
		};
		045F546220EDFA9D00B0327A /* Build configuration list for PBXNativeTarget "IOS_DesignMode_DemoUITests" */ = {
			isa = XCConfigurationList;
			buildConfigurations = (
				045F546320EDFA9D00B0327A /* Debug */,
				045F546420EDFA9D00B0327A /* Release */,
			);
			defaultConfigurationIsVisible = 0;
			defaultConfigurationName = Release;
		};
/* End XCConfigurationList section */
	};
	rootObject = 045F542820EDFA8800B0327A /* Project object */;
}
