// !$*UTF8*$!
{
	archiveVersion = 1;
	classes = {
	};
	objectVersion = 50;
	objects = {

/* Begin PBXBuildFile section */
		045F543520EDFA8800B0327A /* AppDelegate.m in Sources */ = {isa = PBXBuildFile; fileRef = 045F543420EDFA8800B0327A /* AppDelegate.m */; };
		045F543820EDFA8800B0327A /* ViewController.m in Sources */ = {isa = PBXBuildFile; fileRef = 045F543720EDFA8800B0327A /* ViewController.m */; };
		045F543B20EDFA8800B0327A /* Main.storyboard in Resources */ = {isa = PBXBuildFile; fileRef = 045F543920EDFA8800B0327A /* Main.storyboard */; };
		045F543D20EDFA9C00B0327A /* Assets.xcassets in Resources */ = {isa = PBXBuildFile; fileRef = 045F543C20EDFA9C00B0327A /* Assets.xcassets */; };
		045F544020EDFA9C00B0327A /* LaunchScreen.storyboard in Resources */ = {isa = PBXBuildFile; fileRef = 045F543E20EDFA9C00B0327A /* LaunchScreen.storyboard */; };
		045F544320EDFA9D00B0327A /* main.m in Sources */ = {isa = PBXBuildFile; fileRef = 045F544220EDFA9D00B0327A /* main.m */; };
		045F544D20EDFA9D00B0327A /* IOS_DesignMode_DemoTests.m in Sources */ = {isa = PBXBuildFile; fileRef = 045F544C20EDFA9D00B0327A /* IOS_DesignMode_DemoTests.m */; };
		045F545820EDFA9D00B0327A /* IOS_DesignMode_DemoUITests.m in Sources */ = {isa = PBXBuildFile; fileRef = 045F545720EDFA9D00B0327A /* IOS_DesignMode_DemoUITests.m */; };
		045F546720EDFBCE00B0327A /* IOS_BuilderMode_Readme.md in Resources */ = {isa = PBXBuildFile; fileRef = 045F546620EDFBCE00B0327A /* IOS_BuilderMode_Readme.md */; };
		045F546B20EDFDB200B0327A /* DMRBuilder.m in Sources */ = {isa = PBXBuildFile; fileRef = 045F546A20EDFDB200B0327A /* DMRBuilder.m */; };
		045F546E20EDFE7E00B0327A /* DMRProduct.m in Sources */ = {isa = PBXBuildFile; fileRef = 045F546D20EDFE7E00B0327A /* DMRProduct.m */; };
		045F547120EE035C00B0327A /* DMRDirector.m in Sources */ = {isa = PBXBuildFile; fileRef = 045F547020EE035C00B0327A /* DMRDirector.m */; };
		045F547420EE06A500B0327A /* DMRDirectorBuilder.m in Sources */ = {isa = PBXBuildFile; fileRef = 045F547320EE06A500B0327A /* DMRDirectorBuilder.m */; };
		045F547720EE0FE000B0327A /* IOS_PrototypeMode_README.md in Resources */ = {isa = PBXBuildFile; fileRef = 045F547620EE0FE000B0327A /* IOS_PrototypeMode_README.md */; };
		045F547B20EE147A00B0327A /* DMRPrototype.m in Sources */ = {isa = PBXBuildFile; fileRef = 045F547A20EE147A00B0327A /* DMRPrototype.m */; };
		045F547E20EE19A100B0327A /* DMRPrototypeClient.m in Sources */ = {isa = PBXBuildFile; fileRef = 045F547D20EE19A100B0327A /* DMRPrototypeClient.m */; };
		045F548120EE211500B0327A /* IOS_SingletonMode_README.md in Resources */ = {isa = PBXBuildFile; fileRef = 045F548020EE211500B0327A /* IOS_SingletonMode_README.md */; };
		045F548520EF100F00B0327A /* IOS_AdapterMode_README.md in Resources */ = {isa = PBXBuildFile; fileRef = 045F548420EF100F00B0327A /* IOS_AdapterMode_README.md */; };
		045F548920EF12DC00B0327A /* class.png in Resources */ = {isa = PBXBuildFile; fileRef = 045F548720EF12DC00B0327A /* class.png */; };
		045F548A20EF12DC00B0327A /* object.png in Resources */ = {isa = PBXBuildFile; fileRef = 045F548820EF12DC00B0327A /* object.png */; };
		045F548E20EF131100B0327A /* 1.png in Resources */ = {isa = PBXBuildFile; fileRef = 045F548D20EF131100B0327A /* 1.png */; };
		045F549120EF1BC300B0327A /* DMRClassAdapter.m in Sources */ = {isa = PBXBuildFile; fileRef = 045F549020EF1BC300B0327A /* DMRClassAdapter.m */; };
		045F549420EF1BD200B0327A /* DMRObjectAdapter.m in Sources */ = {isa = PBXBuildFile; fileRef = 045F549320EF1BD200B0327A /* DMRObjectAdapter.m */; };
		045F549720EF1BF200B0327A /* DMRNormalTarget.m in Sources */ = {isa = PBXBuildFile; fileRef = 045F549620EF1BF200B0327A /* DMRNormalTarget.m */; };
		045F549B20EF1FAB00B0327A /* DMRAdaptee.m in Sources */ = {isa = PBXBuildFile; fileRef = 045F549A20EF1FAB00B0327A /* DMRAdaptee.m */; };
		045F549F20EF4A3A00B0327A /* IOS_ProxyMode_READMD.md in Resources */ = {isa = PBXBuildFile; fileRef = 045F549E20EF4A3A00B0327A /* IOS_ProxyMode_READMD.md */; };
		045F54A120EF4C8000B0327A /* proxy.png in Resources */ = {isa = PBXBuildFile; fileRef = 045F54A020EF4C8000B0327A /* proxy.png */; };
		045F54A520EF511C00B0327A /* DMRProxy.m in Sources */ = {isa = PBXBuildFile; fileRef = 045F54A420EF511C00B0327A /* DMRProxy.m */; };
		045F54A820EF51BF00B0327A /* DMRConsignor.m in Sources */ = {isa = PBXBuildFile; fileRef = 045F54A720EF51BF00B0327A /* DMRConsignor.m */; };
		960F723020EE589300CFFA07 /* DMRSingleton.m in Sources */ = {isa = PBXBuildFile; fileRef = 960F722F20EE589300CFFA07 /* DMRSingleton.m */; };
		960F723320EE58F600CFFA07 /* DMRSingletonSecond.m in Sources */ = {isa = PBXBuildFile; fileRef = 960F723220EE58F600CFFA07 /* DMRSingletonSecond.m */; };
		963DEEB120F1B3B1008FD02C /* DMRCompositeComponent.m in Sources */ = {isa = PBXBuildFile; fileRef = 963DEEB020F1B3B1008FD02C /* DMRCompositeComponent.m */; };
		963DEEB420F1BAAA008FD02C /* DMRCompositeLeaf.m in Sources */ = {isa = PBXBuildFile; fileRef = 963DEEB320F1BAAA008FD02C /* DMRCompositeLeaf.m */; };
		963DEEB720F1BC00008FD02C /* DMRCompositeComposite.m in Sources */ = {isa = PBXBuildFile; fileRef = 963DEEB620F1BC00008FD02C /* DMRCompositeComposite.m */; };
		963DEEBA20F1BE3B008FD02C /* DMRCompositeTest.m in Sources */ = {isa = PBXBuildFile; fileRef = 963DEEB920F1BE3B008FD02C /* DMRCompositeTest.m */; };
		963EC95E20F09B7D0089A3CE /* IOA_FacadeMode_README.md in Resources */ = {isa = PBXBuildFile; fileRef = 963EC95D20F09B7D0089A3CE /* IOA_FacadeMode_README.md */; };
		963EC96020F09BE70089A3CE /* facade.png in Resources */ = {isa = PBXBuildFile; fileRef = 963EC95F20F09BE70089A3CE /* facade.png */; };
		963EC96320F0A8410089A3CE /* DMRSystemOne.m in Sources */ = {isa = PBXBuildFile; fileRef = 963EC96220F0A8410089A3CE /* DMRSystemOne.m */; };
		963EC96620F0A8560089A3CE /* DMRSystemTwo.m in Sources */ = {isa = PBXBuildFile; fileRef = 963EC96520F0A8560089A3CE /* DMRSystemTwo.m */; };
		963EC96920F0A8640089A3CE /* DMRSystemThree.m in Sources */ = {isa = PBXBuildFile; fileRef = 963EC96820F0A8640089A3CE /* DMRSystemThree.m */; };
		963EC96B20F0AB3F0089A3CE /* 1.png in Resources */ = {isa = PBXBuildFile; fileRef = 963EC96A20F0AB3F0089A3CE /* 1.png */; };
		963EC96E20F0AD770089A3CE /* DMRFacade.m in Sources */ = {isa = PBXBuildFile; fileRef = 963EC96D20F0AD770089A3CE /* DMRFacade.m */; };
		963EC97220F0CDEC0089A3CE /* IOS_DecoratorMode_README.md in Resources */ = {isa = PBXBuildFile; fileRef = 963EC97120F0CDEC0089A3CE /* IOS_DecoratorMode_README.md */; };
		963EC97420F0D2E70089A3CE /* decorator.png in Resources */ = {isa = PBXBuildFile; fileRef = 963EC97320F0D2E70089A3CE /* decorator.png */; };
		963EC97820F0D95A0089A3CE /* DMRContreteComponent.m in Sources */ = {isa = PBXBuildFile; fileRef = 963EC97720F0D95A0089A3CE /* DMRContreteComponent.m */; };
		963EC97B20F0DACC0089A3CE /* DMRDecorator.m in Sources */ = {isa = PBXBuildFile; fileRef = 963EC97A20F0DACC0089A3CE /* DMRDecorator.m */; };
		963EC97E20F0DDF90089A3CE /* DMRDecoratorFirst.m in Sources */ = {isa = PBXBuildFile; fileRef = 963EC97D20F0DDF90089A3CE /* DMRDecoratorFirst.m */; };
		963EC98120F0DE060089A3CE /* DMRDecoratorSecond.m in Sources */ = {isa = PBXBuildFile; fileRef = 963EC98020F0DE060089A3CE /* DMRDecoratorSecond.m */; };
		963EC98420F0E1AC0089A3CE /* DMRDecoratorTest.m in Sources */ = {isa = PBXBuildFile; fileRef = 963EC98320F0E1AC0089A3CE /* DMRDecoratorTest.m */; };
		963EC98A20F10E7D0089A3CE /* IOS_CompositeMode_README.md in Resources */ = {isa = PBXBuildFile; fileRef = 963EC98920F10E7D0089A3CE /* IOS_CompositeMode_README.md */; };
		963EC98D20F110720089A3CE /* composite2.png in Resources */ = {isa = PBXBuildFile; fileRef = 963EC98B20F110720089A3CE /* composite2.png */; };
		963EC98E20F110720089A3CE /* composite1.png in Resources */ = {isa = PBXBuildFile; fileRef = 963EC98C20F110720089A3CE /* composite1.png */; };
		963EC99020F1188F0089A3CE /* composite3.png in Resources */ = {isa = PBXBuildFile; fileRef = 963EC98F20F1188F0089A3CE /* composite3.png */; };
		963EC99220F119DD0089A3CE /* composite0.png in Resources */ = {isa = PBXBuildFile; fileRef = 963EC99120F119DD0089A3CE /* composite0.png */; };
		964AD73A20F3987600903B79 /* IOS_BridgeMode_README.md in Resources */ = {isa = PBXBuildFile; fileRef = 964AD73920F3987600903B79 /* IOS_BridgeMode_README.md */; };
		964AD73C20F39ABB00903B79 /* bridge.png in Resources */ = {isa = PBXBuildFile; fileRef = 964AD73B20F39ABB00903B79 /* bridge.png */; };
		964AD73E20F3A89300903B79 /* bridge2.png in Resources */ = {isa = PBXBuildFile; fileRef = 964AD73D20F3A89300903B79 /* bridge2.png */; };
		964AD74520F3B39A00903B79 /* DMRBridgeRefinedAbstraction.m in Sources */ = {isa = PBXBuildFile; fileRef = 964AD74420F3B39A00903B79 /* DMRBridgeRefinedAbstraction.m */; };
		964AD74820F3BCE600903B79 /* DMRBridgeConcreteImplementorA.m in Sources */ = {isa = PBXBuildFile; fileRef = 964AD74720F3BCE600903B79 /* DMRBridgeConcreteImplementorA.m */; };
		964AD74B20F3C04A00903B79 /* DMRBridgeConcreteImplementorB.m in Sources */ = {isa = PBXBuildFile; fileRef = 964AD74A20F3C04A00903B79 /* DMRBridgeConcreteImplementorB.m */; };
		964AD74E20F3C0E900903B79 /* DMRBridgeClient.m in Sources */ = {isa = PBXBuildFile; fileRef = 964AD74D20F3C0E900903B79 /* DMRBridgeClient.m */; };
		9657E1B820F4F98A00888D48 /* IOS_ObserverMode_README.md in Resources */ = {isa = PBXBuildFile; fileRef = 9657E1B720F4F98A00888D48 /* IOS_ObserverMode_README.md */; };
		9657E1BC20F4FABA00888D48 /* observer1.png in Resources */ = {isa = PBXBuildFile; fileRef = 9657E1B920F4FABA00888D48 /* observer1.png */; };
		9657E1BD20F4FABA00888D48 /* observer2.png in Resources */ = {isa = PBXBuildFile; fileRef = 9657E1BA20F4FABA00888D48 /* observer2.png */; };
		9657E1BE20F4FABA00888D48 /* observer3.png in Resources */ = {isa = PBXBuildFile; fileRef = 9657E1BB20F4FABA00888D48 /* observer3.png */; };
		9657E1C320F5037E00888D48 /* DMRObserverConcreteObserver.m in Sources */ = {isa = PBXBuildFile; fileRef = 9657E1C220F5037E00888D48 /* DMRObserverConcreteObserver.m */; };
		9657E1C620F5038E00888D48 /* DMRObserverConcreteSubject.m in Sources */ = {isa = PBXBuildFile; fileRef = 9657E1C520F5038E00888D48 /* DMRObserverConcreteSubject.m */; };
		9657E1C920F5086500888D48 /* DMRObserverClient.m in Sources */ = {isa = PBXBuildFile; fileRef = 9657E1C820F5086500888D48 /* DMRObserverClient.m */; };
/* End PBXBuildFile section */

/* Begin PBXContainerItemProxy section */
		045F544920EDFA9D00B0327A /* PBXContainerItemProxy */ = {
			isa = PBXContainerItemProxy;
			containerPortal = 045F542820EDFA8800B0327A /* Project object */;
			proxyType = 1;
			remoteGlobalIDString = 045F542F20EDFA8800B0327A;
			remoteInfo = IOS_DesignMode_Demo;
		};
		045F545420EDFA9D00B0327A /* PBXContainerItemProxy */ = {
			isa = PBXContainerItemProxy;
			containerPortal = 045F542820EDFA8800B0327A /* Project object */;
			proxyType = 1;
			remoteGlobalIDString = 045F542F20EDFA8800B0327A;
			remoteInfo = IOS_DesignMode_Demo;
		};
/* End PBXContainerItemProxy section */

/* Begin PBXFileReference section */
		045F543020EDFA8800B0327A /* IOS_DesignMode_Demo.app */ = {isa = PBXFileReference; explicitFileType = wrapper.application; includeInIndex = 0; path = IOS_DesignMode_Demo.app; sourceTree = BUILT_PRODUCTS_DIR; };
		045F543320EDFA8800B0327A /* AppDelegate.h */ = {isa = PBXFileReference; lastKnownFileType = sourcecode.c.h; path = AppDelegate.h; sourceTree = "<group>"; };
		045F543420EDFA8800B0327A /* AppDelegate.m */ = {isa = PBXFileReference; lastKnownFileType = sourcecode.c.objc; path = AppDelegate.m; sourceTree = "<group>"; };
		045F543620EDFA8800B0327A /* ViewController.h */ = {isa = PBXFileReference; lastKnownFileType = sourcecode.c.h; path = ViewController.h; sourceTree = "<group>"; };
		045F543720EDFA8800B0327A /* ViewController.m */ = {isa = PBXFileReference; lastKnownFileType = sourcecode.c.objc; path = ViewController.m; sourceTree = "<group>"; };
		045F543A20EDFA8800B0327A /* Base */ = {isa = PBXFileReference; lastKnownFileType = file.storyboard; name = Base; path = Base.lproj/Main.storyboard; sourceTree = "<group>"; };
		045F543C20EDFA9C00B0327A /* Assets.xcassets */ = {isa = PBXFileReference; lastKnownFileType = folder.assetcatalog; path = Assets.xcassets; sourceTree = "<group>"; };
		045F543F20EDFA9C00B0327A /* Base */ = {isa = PBXFileReference; lastKnownFileType = file.storyboard; name = Base; path = Base.lproj/LaunchScreen.storyboard; sourceTree = "<group>"; };
		045F544120EDFA9D00B0327A /* Info.plist */ = {isa = PBXFileReference; lastKnownFileType = text.plist.xml; path = Info.plist; sourceTree = "<group>"; };
		045F544220EDFA9D00B0327A /* main.m */ = {isa = PBXFileReference; lastKnownFileType = sourcecode.c.objc; path = main.m; sourceTree = "<group>"; };
		045F544820EDFA9D00B0327A /* IOS_DesignMode_DemoTests.xctest */ = {isa = PBXFileReference; explicitFileType = wrapper.cfbundle; includeInIndex = 0; path = IOS_DesignMode_DemoTests.xctest; sourceTree = BUILT_PRODUCTS_DIR; };
		045F544C20EDFA9D00B0327A /* IOS_DesignMode_DemoTests.m */ = {isa = PBXFileReference; lastKnownFileType = sourcecode.c.objc; path = IOS_DesignMode_DemoTests.m; sourceTree = "<group>"; };
		045F544E20EDFA9D00B0327A /* Info.plist */ = {isa = PBXFileReference; lastKnownFileType = text.plist.xml; path = Info.plist; sourceTree = "<group>"; };
		045F545320EDFA9D00B0327A /* IOS_DesignMode_DemoUITests.xctest */ = {isa = PBXFileReference; explicitFileType = wrapper.cfbundle; includeInIndex = 0; path = IOS_DesignMode_DemoUITests.xctest; sourceTree = BUILT_PRODUCTS_DIR; };
		045F545720EDFA9D00B0327A /* IOS_DesignMode_DemoUITests.m */ = {isa = PBXFileReference; lastKnownFileType = sourcecode.c.objc; path = IOS_DesignMode_DemoUITests.m; sourceTree = "<group>"; };
		045F545920EDFA9D00B0327A /* Info.plist */ = {isa = PBXFileReference; lastKnownFileType = text.plist.xml; path = Info.plist; sourceTree = "<group>"; };
		045F546620EDFBCE00B0327A /* IOS_BuilderMode_Readme.md */ = {isa = PBXFileReference; lastKnownFileType = net.daringfireball.markdown; path = IOS_BuilderMode_Readme.md; sourceTree = "<group>"; };
		045F546820EDFD5F00B0327A /* DMRBuilderProtocol.h */ = {isa = PBXFileReference; lastKnownFileType = sourcecode.c.h; path = DMRBuilderProtocol.h; sourceTree = "<group>"; };
		045F546920EDFDB200B0327A /* DMRBuilder.h */ = {isa = PBXFileReference; lastKnownFileType = sourcecode.c.h; path = DMRBuilder.h; sourceTree = "<group>"; };
		045F546A20EDFDB200B0327A /* DMRBuilder.m */ = {isa = PBXFileReference; lastKnownFileType = sourcecode.c.objc; path = DMRBuilder.m; sourceTree = "<group>"; };
		045F546C20EDFE7E00B0327A /* DMRProduct.h */ = {isa = PBXFileReference; lastKnownFileType = sourcecode.c.h; path = DMRProduct.h; sourceTree = "<group>"; };
		045F546D20EDFE7E00B0327A /* DMRProduct.m */ = {isa = PBXFileReference; lastKnownFileType = sourcecode.c.objc; path = DMRProduct.m; sourceTree = "<group>"; };
		045F546F20EE035C00B0327A /* DMRDirector.h */ = {isa = PBXFileReference; lastKnownFileType = sourcecode.c.h; path = DMRDirector.h; sourceTree = "<group>"; };
		045F547020EE035C00B0327A /* DMRDirector.m */ = {isa = PBXFileReference; lastKnownFileType = sourcecode.c.objc; path = DMRDirector.m; sourceTree = "<group>"; };
		045F547220EE06A500B0327A /* DMRDirectorBuilder.h */ = {isa = PBXFileReference; lastKnownFileType = sourcecode.c.h; path = DMRDirectorBuilder.h; sourceTree = "<group>"; };
		045F547320EE06A500B0327A /* DMRDirectorBuilder.m */ = {isa = PBXFileReference; lastKnownFileType = sourcecode.c.objc; path = DMRDirectorBuilder.m; sourceTree = "<group>"; };
		045F547620EE0FE000B0327A /* IOS_PrototypeMode_README.md */ = {isa = PBXFileReference; lastKnownFileType = net.daringfireball.markdown; path = IOS_PrototypeMode_README.md; sourceTree = "<group>"; };
		045F547920EE147A00B0327A /* DMRPrototype.h */ = {isa = PBXFileReference; lastKnownFileType = sourcecode.c.h; path = DMRPrototype.h; sourceTree = "<group>"; };
		045F547A20EE147A00B0327A /* DMRPrototype.m */ = {isa = PBXFileReference; lastKnownFileType = sourcecode.c.objc; path = DMRPrototype.m; sourceTree = "<group>"; };
		045F547C20EE19A100B0327A /* DMRPrototypeClient.h */ = {isa = PBXFileReference; lastKnownFileType = sourcecode.c.h; path = DMRPrototypeClient.h; sourceTree = "<group>"; };
		045F547D20EE19A100B0327A /* DMRPrototypeClient.m */ = {isa = PBXFileReference; lastKnownFileType = sourcecode.c.objc; path = DMRPrototypeClient.m; sourceTree = "<group>"; };
		045F548020EE211500B0327A /* IOS_SingletonMode_README.md */ = {isa = PBXFileReference; lastKnownFileType = net.daringfireball.markdown; path = IOS_SingletonMode_README.md; sourceTree = "<group>"; };
		045F548420EF100F00B0327A /* IOS_AdapterMode_README.md */ = {isa = PBXFileReference; lastKnownFileType = net.daringfireball.markdown; path = IOS_AdapterMode_README.md; sourceTree = "<group>"; };
		045F548720EF12DC00B0327A /* class.png */ = {isa = PBXFileReference; lastKnownFileType = image.png; path = class.png; sourceTree = "<group>"; };
		045F548820EF12DC00B0327A /* object.png */ = {isa = PBXFileReference; lastKnownFileType = image.png; path = object.png; sourceTree = "<group>"; };
		045F548D20EF131100B0327A /* 1.png */ = {isa = PBXFileReference; lastKnownFileType = image.png; path = 1.png; sourceTree = "<group>"; };
		045F548F20EF1BC300B0327A /* DMRClassAdapter.h */ = {isa = PBXFileReference; lastKnownFileType = sourcecode.c.h; path = DMRClassAdapter.h; sourceTree = "<group>"; };
		045F549020EF1BC300B0327A /* DMRClassAdapter.m */ = {isa = PBXFileReference; lastKnownFileType = sourcecode.c.objc; path = DMRClassAdapter.m; sourceTree = "<group>"; };
		045F549220EF1BD200B0327A /* DMRObjectAdapter.h */ = {isa = PBXFileReference; lastKnownFileType = sourcecode.c.h; path = DMRObjectAdapter.h; sourceTree = "<group>"; };
		045F549320EF1BD200B0327A /* DMRObjectAdapter.m */ = {isa = PBXFileReference; lastKnownFileType = sourcecode.c.objc; path = DMRObjectAdapter.m; sourceTree = "<group>"; };
		045F549520EF1BF200B0327A /* DMRNormalTarget.h */ = {isa = PBXFileReference; lastKnownFileType = sourcecode.c.h; path = DMRNormalTarget.h; sourceTree = "<group>"; };
		045F549620EF1BF200B0327A /* DMRNormalTarget.m */ = {isa = PBXFileReference; lastKnownFileType = sourcecode.c.objc; path = DMRNormalTarget.m; sourceTree = "<group>"; };
		045F549820EF1D8500B0327A /* DMRTarget.h */ = {isa = PBXFileReference; lastKnownFileType = sourcecode.c.h; path = DMRTarget.h; sourceTree = "<group>"; };
		045F549920EF1FAB00B0327A /* DMRAdaptee.h */ = {isa = PBXFileReference; lastKnownFileType = sourcecode.c.h; path = DMRAdaptee.h; sourceTree = "<group>"; };
		045F549A20EF1FAB00B0327A /* DMRAdaptee.m */ = {isa = PBXFileReference; lastKnownFileType = sourcecode.c.objc; path = DMRAdaptee.m; sourceTree = "<group>"; };
		045F549E20EF4A3A00B0327A /* IOS_ProxyMode_READMD.md */ = {isa = PBXFileReference; lastKnownFileType = net.daringfireball.markdown; path = IOS_ProxyMode_READMD.md; sourceTree = "<group>"; };
		045F54A020EF4C8000B0327A /* proxy.png */ = {isa = PBXFileReference; lastKnownFileType = image.png; path = proxy.png; sourceTree = "<group>"; };
		045F54A220EF510700B0327A /* DMRProxyProtocol.h */ = {isa = PBXFileReference; lastKnownFileType = sourcecode.c.h; path = DMRProxyProtocol.h; sourceTree = "<group>"; };
		045F54A320EF511C00B0327A /* DMRProxy.h */ = {isa = PBXFileReference; lastKnownFileType = sourcecode.c.h; path = DMRProxy.h; sourceTree = "<group>"; };
		045F54A420EF511C00B0327A /* DMRProxy.m */ = {isa = PBXFileReference; lastKnownFileType = sourcecode.c.objc; path = DMRProxy.m; sourceTree = "<group>"; };
		045F54A620EF51BF00B0327A /* DMRConsignor.h */ = {isa = PBXFileReference; lastKnownFileType = sourcecode.c.h; path = DMRConsignor.h; sourceTree = "<group>"; };
		045F54A720EF51BF00B0327A /* DMRConsignor.m */ = {isa = PBXFileReference; lastKnownFileType = sourcecode.c.objc; path = DMRConsignor.m; sourceTree = "<group>"; };
		960F722E20EE589300CFFA07 /* DMRSingleton.h */ = {isa = PBXFileReference; lastKnownFileType = sourcecode.c.h; path = DMRSingleton.h; sourceTree = "<group>"; };
		960F722F20EE589300CFFA07 /* DMRSingleton.m */ = {isa = PBXFileReference; lastKnownFileType = sourcecode.c.objc; path = DMRSingleton.m; sourceTree = "<group>"; };
		960F723120EE58F600CFFA07 /* DMRSingletonSecond.h */ = {isa = PBXFileReference; lastKnownFileType = sourcecode.c.h; path = DMRSingletonSecond.h; sourceTree = "<group>"; };
		960F723220EE58F600CFFA07 /* DMRSingletonSecond.m */ = {isa = PBXFileReference; lastKnownFileType = sourcecode.c.objc; path = DMRSingletonSecond.m; sourceTree = "<group>"; };
		963DEEAF20F1B3B1008FD02C /* DMRCompositeComponent.h */ = {isa = PBXFileReference; lastKnownFileType = sourcecode.c.h; path = DMRCompositeComponent.h; sourceTree = "<group>"; };
		963DEEB020F1B3B1008FD02C /* DMRCompositeComponent.m */ = {isa = PBXFileReference; lastKnownFileType = sourcecode.c.objc; path = DMRCompositeComponent.m; sourceTree = "<group>"; };
		963DEEB220F1BAAA008FD02C /* DMRCompositeLeaf.h */ = {isa = PBXFileReference; lastKnownFileType = sourcecode.c.h; path = DMRCompositeLeaf.h; sourceTree = "<group>"; };
		963DEEB320F1BAAA008FD02C /* DMRCompositeLeaf.m */ = {isa = PBXFileReference; lastKnownFileType = sourcecode.c.objc; path = DMRCompositeLeaf.m; sourceTree = "<group>"; };
		963DEEB520F1BC00008FD02C /* DMRCompositeComposite.h */ = {isa = PBXFileReference; lastKnownFileType = sourcecode.c.h; path = DMRCompositeComposite.h; sourceTree = "<group>"; };
		963DEEB620F1BC00008FD02C /* DMRCompositeComposite.m */ = {isa = PBXFileReference; lastKnownFileType = sourcecode.c.objc; path = DMRCompositeComposite.m; sourceTree = "<group>"; };
		963DEEB820F1BE3B008FD02C /* DMRCompositeTest.h */ = {isa = PBXFileReference; lastKnownFileType = sourcecode.c.h; path = DMRCompositeTest.h; sourceTree = "<group>"; };
		963DEEB920F1BE3B008FD02C /* DMRCompositeTest.m */ = {isa = PBXFileReference; lastKnownFileType = sourcecode.c.objc; path = DMRCompositeTest.m; sourceTree = "<group>"; };
		963EC95D20F09B7D0089A3CE /* IOA_FacadeMode_README.md */ = {isa = PBXFileReference; lastKnownFileType = net.daringfireball.markdown; path = IOA_FacadeMode_README.md; sourceTree = "<group>"; };
		963EC95F20F09BE70089A3CE /* facade.png */ = {isa = PBXFileReference; lastKnownFileType = image.png; path = facade.png; sourceTree = "<group>"; };
		963EC96120F0A8410089A3CE /* DMRSystemOne.h */ = {isa = PBXFileReference; lastKnownFileType = sourcecode.c.h; path = DMRSystemOne.h; sourceTree = "<group>"; };
		963EC96220F0A8410089A3CE /* DMRSystemOne.m */ = {isa = PBXFileReference; lastKnownFileType = sourcecode.c.objc; path = DMRSystemOne.m; sourceTree = "<group>"; };
		963EC96420F0A8560089A3CE /* DMRSystemTwo.h */ = {isa = PBXFileReference; lastKnownFileType = sourcecode.c.h; path = DMRSystemTwo.h; sourceTree = "<group>"; };
		963EC96520F0A8560089A3CE /* DMRSystemTwo.m */ = {isa = PBXFileReference; lastKnownFileType = sourcecode.c.objc; path = DMRSystemTwo.m; sourceTree = "<group>"; };
		963EC96720F0A8640089A3CE /* DMRSystemThree.h */ = {isa = PBXFileReference; lastKnownFileType = sourcecode.c.h; path = DMRSystemThree.h; sourceTree = "<group>"; };
		963EC96820F0A8640089A3CE /* DMRSystemThree.m */ = {isa = PBXFileReference; lastKnownFileType = sourcecode.c.objc; path = DMRSystemThree.m; sourceTree = "<group>"; };
		963EC96A20F0AB3F0089A3CE /* 1.png */ = {isa = PBXFileReference; lastKnownFileType = image.png; path = 1.png; sourceTree = "<group>"; };
		963EC96C20F0AD770089A3CE /* DMRFacade.h */ = {isa = PBXFileReference; lastKnownFileType = sourcecode.c.h; path = DMRFacade.h; sourceTree = "<group>"; };
		963EC96D20F0AD770089A3CE /* DMRFacade.m */ = {isa = PBXFileReference; lastKnownFileType = sourcecode.c.objc; path = DMRFacade.m; sourceTree = "<group>"; };
		963EC97120F0CDEC0089A3CE /* IOS_DecoratorMode_README.md */ = {isa = PBXFileReference; lastKnownFileType = net.daringfireball.markdown; path = IOS_DecoratorMode_README.md; sourceTree = "<group>"; };
		963EC97320F0D2E70089A3CE /* decorator.png */ = {isa = PBXFileReference; lastKnownFileType = image.png; path = decorator.png; sourceTree = "<group>"; };
		963EC97520F0D8E60089A3CE /* DMRComponent.h */ = {isa = PBXFileReference; lastKnownFileType = sourcecode.c.h; path = DMRComponent.h; sourceTree = "<group>"; };
		963EC97620F0D95A0089A3CE /* DMRContreteComponent.h */ = {isa = PBXFileReference; lastKnownFileType = sourcecode.c.h; path = DMRContreteComponent.h; sourceTree = "<group>"; };
		963EC97720F0D95A0089A3CE /* DMRContreteComponent.m */ = {isa = PBXFileReference; lastKnownFileType = sourcecode.c.objc; path = DMRContreteComponent.m; sourceTree = "<group>"; };
		963EC97920F0DACC0089A3CE /* DMRDecorator.h */ = {isa = PBXFileReference; lastKnownFileType = sourcecode.c.h; path = DMRDecorator.h; sourceTree = "<group>"; };
		963EC97A20F0DACC0089A3CE /* DMRDecorator.m */ = {isa = PBXFileReference; lastKnownFileType = sourcecode.c.objc; path = DMRDecorator.m; sourceTree = "<group>"; };
		963EC97C20F0DDF90089A3CE /* DMRDecoratorFirst.h */ = {isa = PBXFileReference; lastKnownFileType = sourcecode.c.h; path = DMRDecoratorFirst.h; sourceTree = "<group>"; };
		963EC97D20F0DDF90089A3CE /* DMRDecoratorFirst.m */ = {isa = PBXFileReference; lastKnownFileType = sourcecode.c.objc; path = DMRDecoratorFirst.m; sourceTree = "<group>"; };
		963EC97F20F0DE060089A3CE /* DMRDecoratorSecond.h */ = {isa = PBXFileReference; lastKnownFileType = sourcecode.c.h; path = DMRDecoratorSecond.h; sourceTree = "<group>"; };
		963EC98020F0DE060089A3CE /* DMRDecoratorSecond.m */ = {isa = PBXFileReference; lastKnownFileType = sourcecode.c.objc; path = DMRDecoratorSecond.m; sourceTree = "<group>"; };
		963EC98220F0E1AC0089A3CE /* DMRDecoratorTest.h */ = {isa = PBXFileReference; lastKnownFileType = sourcecode.c.h; path = DMRDecoratorTest.h; sourceTree = "<group>"; };
		963EC98320F0E1AC0089A3CE /* DMRDecoratorTest.m */ = {isa = PBXFileReference; lastKnownFileType = sourcecode.c.objc; path = DMRDecoratorTest.m; sourceTree = "<group>"; };
		963EC98920F10E7D0089A3CE /* IOS_CompositeMode_README.md */ = {isa = PBXFileReference; lastKnownFileType = net.daringfireball.markdown; path = IOS_CompositeMode_README.md; sourceTree = "<group>"; };
		963EC98B20F110720089A3CE /* composite2.png */ = {isa = PBXFileReference; lastKnownFileType = image.png; path = composite2.png; sourceTree = "<group>"; };
		963EC98C20F110720089A3CE /* composite1.png */ = {isa = PBXFileReference; lastKnownFileType = image.png; path = composite1.png; sourceTree = "<group>"; };
		963EC98F20F1188F0089A3CE /* composite3.png */ = {isa = PBXFileReference; lastKnownFileType = image.png; path = composite3.png; sourceTree = "<group>"; };
		963EC99120F119DD0089A3CE /* composite0.png */ = {isa = PBXFileReference; lastKnownFileType = image.png; path = composite0.png; sourceTree = "<group>"; };
		964AD73920F3987600903B79 /* IOS_BridgeMode_README.md */ = {isa = PBXFileReference; lastKnownFileType = net.daringfireball.markdown; path = IOS_BridgeMode_README.md; sourceTree = "<group>"; };
		964AD73B20F39ABB00903B79 /* bridge.png */ = {isa = PBXFileReference; lastKnownFileType = image.png; path = bridge.png; sourceTree = "<group>"; };
		964AD73D20F3A89300903B79 /* bridge2.png */ = {isa = PBXFileReference; lastKnownFileType = image.png; path = bridge2.png; sourceTree = "<group>"; };
		964AD74120F3B21700903B79 /* DMRBridgeAbstraction.h */ = {isa = PBXFileReference; lastKnownFileType = sourcecode.c.h; path = DMRBridgeAbstraction.h; sourceTree = "<group>"; };
		964AD74220F3B27700903B79 /* DMRBridgeImplementor.h */ = {isa = PBXFileReference; lastKnownFileType = sourcecode.c.h; path = DMRBridgeImplementor.h; sourceTree = "<group>"; };
		964AD74320F3B39A00903B79 /* DMRBridgeRefinedAbstraction.h */ = {isa = PBXFileReference; lastKnownFileType = sourcecode.c.h; path = DMRBridgeRefinedAbstraction.h; sourceTree = "<group>"; };
		964AD74420F3B39A00903B79 /* DMRBridgeRefinedAbstraction.m */ = {isa = PBXFileReference; lastKnownFileType = sourcecode.c.objc; path = DMRBridgeRefinedAbstraction.m; sourceTree = "<group>"; };
		964AD74620F3BCE600903B79 /* DMRBridgeConcreteImplementorA.h */ = {isa = PBXFileReference; lastKnownFileType = sourcecode.c.h; path = DMRBridgeConcreteImplementorA.h; sourceTree = "<group>"; };
		964AD74720F3BCE600903B79 /* DMRBridgeConcreteImplementorA.m */ = {isa = PBXFileReference; lastKnownFileType = sourcecode.c.objc; path = DMRBridgeConcreteImplementorA.m; sourceTree = "<group>"; };
		964AD74920F3C04A00903B79 /* DMRBridgeConcreteImplementorB.h */ = {isa = PBXFileReference; lastKnownFileType = sourcecode.c.h; path = DMRBridgeConcreteImplementorB.h; sourceTree = "<group>"; };
		964AD74A20F3C04A00903B79 /* DMRBridgeConcreteImplementorB.m */ = {isa = PBXFileReference; lastKnownFileType = sourcecode.c.objc; path = DMRBridgeConcreteImplementorB.m; sourceTree = "<group>"; };
		964AD74C20F3C0E900903B79 /* DMRBridgeClient.h */ = {isa = PBXFileReference; lastKnownFileType = sourcecode.c.h; path = DMRBridgeClient.h; sourceTree = "<group>"; };
		964AD74D20F3C0E900903B79 /* DMRBridgeClient.m */ = {isa = PBXFileReference; lastKnownFileType = sourcecode.c.objc; path = DMRBridgeClient.m; sourceTree = "<group>"; };
		9657E1B720F4F98A00888D48 /* IOS_ObserverMode_README.md */ = {isa = PBXFileReference; lastKnownFileType = net.daringfireball.markdown; path = IOS_ObserverMode_README.md; sourceTree = "<group>"; };
		9657E1B920F4FABA00888D48 /* observer1.png */ = {isa = PBXFileReference; lastKnownFileType = image.png; path = observer1.png; sourceTree = "<group>"; };
		9657E1BA20F4FABA00888D48 /* observer2.png */ = {isa = PBXFileReference; lastKnownFileType = image.png; path = observer2.png; sourceTree = "<group>"; };
		9657E1BB20F4FABA00888D48 /* observer3.png */ = {isa = PBXFileReference; lastKnownFileType = image.png; path = observer3.png; sourceTree = "<group>"; };
		9657E1BF20F502E600888D48 /* DMRObserverObserver.h */ = {isa = PBXFileReference; lastKnownFileType = sourcecode.c.h; path = DMRObserverObserver.h; sourceTree = "<group>"; };
		9657E1C020F5030900888D48 /* DMRObserverSubject.h */ = {isa = PBXFileReference; lastKnownFileType = sourcecode.c.h; path = DMRObserverSubject.h; sourceTree = "<group>"; };
		9657E1C120F5037E00888D48 /* DMRObserverConcreteObserver.h */ = {isa = PBXFileReference; lastKnownFileType = sourcecode.c.h; path = DMRObserverConcreteObserver.h; sourceTree = "<group>"; };
		9657E1C220F5037E00888D48 /* DMRObserverConcreteObserver.m */ = {isa = PBXFileReference; lastKnownFileType = sourcecode.c.objc; path = DMRObserverConcreteObserver.m; sourceTree = "<group>"; };
		9657E1C420F5038E00888D48 /* DMRObserverConcreteSubject.h */ = {isa = PBXFileReference; lastKnownFileType = sourcecode.c.h; path = DMRObserverConcreteSubject.h; sourceTree = "<group>"; };
		9657E1C520F5038E00888D48 /* DMRObserverConcreteSubject.m */ = {isa = PBXFileReference; lastKnownFileType = sourcecode.c.objc; path = DMRObserverConcreteSubject.m; sourceTree = "<group>"; };
		9657E1C720F5086500888D48 /* DMRObserverClient.h */ = {isa = PBXFileReference; lastKnownFileType = sourcecode.c.h; path = DMRObserverClient.h; sourceTree = "<group>"; };
		9657E1C820F5086500888D48 /* DMRObserverClient.m */ = {isa = PBXFileReference; lastKnownFileType = sourcecode.c.objc; path = DMRObserverClient.m; sourceTree = "<group>"; };
/* End PBXFileReference section */

/* Begin PBXFrameworksBuildPhase section */
		045F542D20EDFA8800B0327A /* Frameworks */ = {
			isa = PBXFrameworksBuildPhase;
			buildActionMask = 2147483647;
			files = (
			);
			runOnlyForDeploymentPostprocessing = 0;
		};
		045F544520EDFA9D00B0327A /* Frameworks */ = {
			isa = PBXFrameworksBuildPhase;
			buildActionMask = 2147483647;
			files = (
			);
			runOnlyForDeploymentPostprocessing = 0;
		};
		045F545020EDFA9D00B0327A /* Frameworks */ = {
			isa = PBXFrameworksBuildPhase;
			buildActionMask = 2147483647;
			files = (
			);
			runOnlyForDeploymentPostprocessing = 0;
		};
/* End PBXFrameworksBuildPhase section */

/* Begin PBXGroup section */
		045F542720EDFA8800B0327A = {
			isa = PBXGroup;
			children = (
				045F543220EDFA8800B0327A /* IOS_DesignMode_Demo */,
				045F544B20EDFA9D00B0327A /* IOS_DesignMode_DemoTests */,
				045F545620EDFA9D00B0327A /* IOS_DesignMode_DemoUITests */,
				045F543120EDFA8800B0327A /* Products */,
			);
			sourceTree = "<group>";
		};
		045F543120EDFA8800B0327A /* Products */ = {
			isa = PBXGroup;
			children = (
				045F543020EDFA8800B0327A /* IOS_DesignMode_Demo.app */,
				045F544820EDFA9D00B0327A /* IOS_DesignMode_DemoTests.xctest */,
				045F545320EDFA9D00B0327A /* IOS_DesignMode_DemoUITests.xctest */,
			);
			name = Products;
			sourceTree = "<group>";
		};
		045F543220EDFA8800B0327A /* IOS_DesignMode_Demo */ = {
			isa = PBXGroup;
			children = (
				9657E1B520F4F95500888D48 /* IOS_ObserverMode */,
				964AD73720F3984000903B79 /* IOS_BridgeMode */,
				963EC98520F10E120089A3CE /* IOS_CompositeMode */,
				963EC96F20F0CDA00089A3CE /* IOS_DecoratorMode */,
				963EC95B20F09B1B0089A3CE /* IOS_FacadeMode */,
				045F549C20EF4A1000B0327A /* IOS_ProxyMode */,
				045F548320EF0FC400B0327A /* IOS_AdapterMode */,
				045F547F20EE20C100B0327A /* IOS_ SingletonMode */,
				045F547520EE0F7200B0327A /* IOS_PrototypeMode */,
				045F546520EDFB4900B0327A /* IOS_BuilderMode */,
				045F543320EDFA8800B0327A /* AppDelegate.h */,
				045F543420EDFA8800B0327A /* AppDelegate.m */,
				045F543620EDFA8800B0327A /* ViewController.h */,
				045F543720EDFA8800B0327A /* ViewController.m */,
				045F543920EDFA8800B0327A /* Main.storyboard */,
				045F543C20EDFA9C00B0327A /* Assets.xcassets */,
				045F543E20EDFA9C00B0327A /* LaunchScreen.storyboard */,
				045F544120EDFA9D00B0327A /* Info.plist */,
				045F544220EDFA9D00B0327A /* main.m */,
			);
			path = IOS_DesignMode_Demo;
			sourceTree = "<group>";
		};
		045F544B20EDFA9D00B0327A /* IOS_DesignMode_DemoTests */ = {
			isa = PBXGroup;
			children = (
				045F544C20EDFA9D00B0327A /* IOS_DesignMode_DemoTests.m */,
				045F544E20EDFA9D00B0327A /* Info.plist */,
			);
			path = IOS_DesignMode_DemoTests;
			sourceTree = "<group>";
		};
		045F545620EDFA9D00B0327A /* IOS_DesignMode_DemoUITests */ = {
			isa = PBXGroup;
			children = (
				045F545720EDFA9D00B0327A /* IOS_DesignMode_DemoUITests.m */,
				045F545920EDFA9D00B0327A /* Info.plist */,
			);
			path = IOS_DesignMode_DemoUITests;
			sourceTree = "<group>";
		};
		045F546520EDFB4900B0327A /* IOS_BuilderMode */ = {
			isa = PBXGroup;
			children = (
				045F546620EDFBCE00B0327A /* IOS_BuilderMode_Readme.md */,
				045F546C20EDFE7E00B0327A /* DMRProduct.h */,
				045F546D20EDFE7E00B0327A /* DMRProduct.m */,
				045F546820EDFD5F00B0327A /* DMRBuilderProtocol.h */,
				045F546920EDFDB200B0327A /* DMRBuilder.h */,
				045F546A20EDFDB200B0327A /* DMRBuilder.m */,
				045F546F20EE035C00B0327A /* DMRDirector.h */,
				045F547020EE035C00B0327A /* DMRDirector.m */,
				045F547220EE06A500B0327A /* DMRDirectorBuilder.h */,
				045F547320EE06A500B0327A /* DMRDirectorBuilder.m */,
			);
			path = IOS_BuilderMode;
			sourceTree = "<group>";
		};
		045F547520EE0F7200B0327A /* IOS_PrototypeMode */ = {
			isa = PBXGroup;
			children = (
				045F547620EE0FE000B0327A /* IOS_PrototypeMode_README.md */,
				045F547920EE147A00B0327A /* DMRPrototype.h */,
				045F547A20EE147A00B0327A /* DMRPrototype.m */,
				045F547C20EE19A100B0327A /* DMRPrototypeClient.h */,
				045F547D20EE19A100B0327A /* DMRPrototypeClient.m */,
				045F547820EE136100B0327A /* Resource */,
			);
			path = IOS_PrototypeMode;
			sourceTree = "<group>";
		};
		045F547820EE136100B0327A /* Resource */ = {
			isa = PBXGroup;
			children = (
				045F548D20EF131100B0327A /* 1.png */,
			);
			path = Resource;
			sourceTree = "<group>";
		};
		045F547F20EE20C100B0327A /* IOS_ SingletonMode */ = {
			isa = PBXGroup;
			children = (
				045F548020EE211500B0327A /* IOS_SingletonMode_README.md */,
				960F722E20EE589300CFFA07 /* DMRSingleton.h */,
				960F722F20EE589300CFFA07 /* DMRSingleton.m */,
				960F723120EE58F600CFFA07 /* DMRSingletonSecond.h */,
				960F723220EE58F600CFFA07 /* DMRSingletonSecond.m */,
				045F548220EE21FF00B0327A /* Resource */,
			);
			path = "IOS_ SingletonMode";
			sourceTree = "<group>";
		};
		045F548220EE21FF00B0327A /* Resource */ = {
			isa = PBXGroup;
			children = (
				963EC96A20F0AB3F0089A3CE /* 1.png */,
			);
			path = Resource;
			sourceTree = "<group>";
		};
		045F548320EF0FC400B0327A /* IOS_AdapterMode */ = {
			isa = PBXGroup;
			children = (
				045F548420EF100F00B0327A /* IOS_AdapterMode_README.md */,
				045F549820EF1D8500B0327A /* DMRTarget.h */,
				045F549520EF1BF200B0327A /* DMRNormalTarget.h */,
				045F549620EF1BF200B0327A /* DMRNormalTarget.m */,
				045F549920EF1FAB00B0327A /* DMRAdaptee.h */,
				045F549A20EF1FAB00B0327A /* DMRAdaptee.m */,
				045F548F20EF1BC300B0327A /* DMRClassAdapter.h */,
				045F549020EF1BC300B0327A /* DMRClassAdapter.m */,
				045F549220EF1BD200B0327A /* DMRObjectAdapter.h */,
				045F549320EF1BD200B0327A /* DMRObjectAdapter.m */,
				045F548620EF128900B0327A /* Resource */,
			);
			path = IOS_AdapterMode;
			sourceTree = "<group>";
		};
		045F548620EF128900B0327A /* Resource */ = {
			isa = PBXGroup;
			children = (
				045F548720EF12DC00B0327A /* class.png */,
				045F548820EF12DC00B0327A /* object.png */,
			);
			path = Resource;
			sourceTree = "<group>";
		};
		045F549C20EF4A1000B0327A /* IOS_ProxyMode */ = {
			isa = PBXGroup;
			children = (
				045F549E20EF4A3A00B0327A /* IOS_ProxyMode_READMD.md */,
				045F54A220EF510700B0327A /* DMRProxyProtocol.h */,
				045F54A320EF511C00B0327A /* DMRProxy.h */,
				045F54A420EF511C00B0327A /* DMRProxy.m */,
				045F54A620EF51BF00B0327A /* DMRConsignor.h */,
				045F54A720EF51BF00B0327A /* DMRConsignor.m */,
				045F549D20EF4A2200B0327A /* Resource */,
			);
			path = IOS_ProxyMode;
			sourceTree = "<group>";
		};
		045F549D20EF4A2200B0327A /* Resource */ = {
			isa = PBXGroup;
			children = (
				045F54A020EF4C8000B0327A /* proxy.png */,
			);
			path = Resource;
			sourceTree = "<group>";
		};
		963EC95B20F09B1B0089A3CE /* IOS_FacadeMode */ = {
			isa = PBXGroup;
			children = (
				963EC95D20F09B7D0089A3CE /* IOA_FacadeMode_README.md */,
				963EC96120F0A8410089A3CE /* DMRSystemOne.h */,
				963EC96220F0A8410089A3CE /* DMRSystemOne.m */,
				963EC96420F0A8560089A3CE /* DMRSystemTwo.h */,
				963EC96520F0A8560089A3CE /* DMRSystemTwo.m */,
				963EC96720F0A8640089A3CE /* DMRSystemThree.h */,
				963EC96820F0A8640089A3CE /* DMRSystemThree.m */,
				963EC96C20F0AD770089A3CE /* DMRFacade.h */,
				963EC96D20F0AD770089A3CE /* DMRFacade.m */,
				963EC95C20F09B5E0089A3CE /* Resource */,
			);
			path = IOS_FacadeMode;
			sourceTree = "<group>";
		};
		963EC95C20F09B5E0089A3CE /* Resource */ = {
			isa = PBXGroup;
			children = (
				963EC95F20F09BE70089A3CE /* facade.png */,
			);
			path = Resource;
			sourceTree = "<group>";
		};
		963EC96F20F0CDA00089A3CE /* IOS_DecoratorMode */ = {
			isa = PBXGroup;
			children = (
				963EC97120F0CDEC0089A3CE /* IOS_DecoratorMode_README.md */,
				963EC97520F0D8E60089A3CE /* DMRComponent.h */,
				963EC97620F0D95A0089A3CE /* DMRContreteComponent.h */,
				963EC97720F0D95A0089A3CE /* DMRContreteComponent.m */,
				963EC97920F0DACC0089A3CE /* DMRDecorator.h */,
				963EC97A20F0DACC0089A3CE /* DMRDecorator.m */,
				963EC97C20F0DDF90089A3CE /* DMRDecoratorFirst.h */,
				963EC97D20F0DDF90089A3CE /* DMRDecoratorFirst.m */,
				963EC97F20F0DE060089A3CE /* DMRDecoratorSecond.h */,
				963EC98020F0DE060089A3CE /* DMRDecoratorSecond.m */,
				963EC98220F0E1AC0089A3CE /* DMRDecoratorTest.h */,
				963EC98320F0E1AC0089A3CE /* DMRDecoratorTest.m */,
				963EC97020F0CDD30089A3CE /* Resource */,
			);
			path = IOS_DecoratorMode;
			sourceTree = "<group>";
		};
		963EC97020F0CDD30089A3CE /* Resource */ = {
			isa = PBXGroup;
			children = (
				963EC97320F0D2E70089A3CE /* decorator.png */,
			);
			path = Resource;
			sourceTree = "<group>";
		};
		963EC98520F10E120089A3CE /* IOS_CompositeMode */ = {
			isa = PBXGroup;
			children = (
				963EC98920F10E7D0089A3CE /* IOS_CompositeMode_README.md */,
				963DEEAF20F1B3B1008FD02C /* DMRCompositeComponent.h */,
				963DEEB020F1B3B1008FD02C /* DMRCompositeComponent.m */,
				963DEEB220F1BAAA008FD02C /* DMRCompositeLeaf.h */,
				963DEEB320F1BAAA008FD02C /* DMRCompositeLeaf.m */,
				963DEEB520F1BC00008FD02C /* DMRCompositeComposite.h */,
				963DEEB620F1BC00008FD02C /* DMRCompositeComposite.m */,
				963DEEB820F1BE3B008FD02C /* DMRCompositeTest.h */,
				963DEEB920F1BE3B008FD02C /* DMRCompositeTest.m */,
				963EC98620F10E3F0089A3CE /* Resource */,
			);
			path = IOS_CompositeMode;
			sourceTree = "<group>";
		};
		963EC98620F10E3F0089A3CE /* Resource */ = {
			isa = PBXGroup;
			children = (
				963EC99120F119DD0089A3CE /* composite0.png */,
				963EC98C20F110720089A3CE /* composite1.png */,
				963EC98B20F110720089A3CE /* composite2.png */,
				963EC98F20F1188F0089A3CE /* composite3.png */,
			);
			path = Resource;
			sourceTree = "<group>";
		};
		964AD73720F3984000903B79 /* IOS_BridgeMode */ = {
			isa = PBXGroup;
			children = (
				964AD73920F3987600903B79 /* IOS_BridgeMode_README.md */,
				964AD74120F3B21700903B79 /* DMRBridgeAbstraction.h */,
				964AD74220F3B27700903B79 /* DMRBridgeImplementor.h */,
				964AD74320F3B39A00903B79 /* DMRBridgeRefinedAbstraction.h */,
				964AD74420F3B39A00903B79 /* DMRBridgeRefinedAbstraction.m */,
				964AD74620F3BCE600903B79 /* DMRBridgeConcreteImplementorA.h */,
				964AD74720F3BCE600903B79 /* DMRBridgeConcreteImplementorA.m */,
				964AD74920F3C04A00903B79 /* DMRBridgeConcreteImplementorB.h */,
				964AD74A20F3C04A00903B79 /* DMRBridgeConcreteImplementorB.m */,
				964AD74C20F3C0E900903B79 /* DMRBridgeClient.h */,
				964AD74D20F3C0E900903B79 /* DMRBridgeClient.m */,
				964AD73820F3985600903B79 /* Resource */,
			);
			path = IOS_BridgeMode;
			sourceTree = "<group>";
		};
		964AD73820F3985600903B79 /* Resource */ = {
			isa = PBXGroup;
			children = (
				964AD73B20F39ABB00903B79 /* bridge.png */,
				964AD73D20F3A89300903B79 /* bridge2.png */,
			);
			path = Resource;
			sourceTree = "<group>";
		};
		9657E1B520F4F95500888D48 /* IOS_ObserverMode */ = {
			isa = PBXGroup;
			children = (
				9657E1B720F4F98A00888D48 /* IOS_ObserverMode_README.md */,
				9657E1BF20F502E600888D48 /* DMRObserverObserver.h */,
				9657E1C020F5030900888D48 /* DMRObserverSubject.h */,
				9657E1C120F5037E00888D48 /* DMRObserverConcreteObserver.h */,
				9657E1C220F5037E00888D48 /* DMRObserverConcreteObserver.m */,
				9657E1C420F5038E00888D48 /* DMRObserverConcreteSubject.h */,
				9657E1C520F5038E00888D48 /* DMRObserverConcreteSubject.m */,
				9657E1C720F5086500888D48 /* DMRObserverClient.h */,
				9657E1C820F5086500888D48 /* DMRObserverClient.m */,
				9657E1B620F4F97500888D48 /* Resource */,
			);
			path = IOS_ObserverMode;
			sourceTree = "<group>";
		};
		9657E1B620F4F97500888D48 /* Resource */ = {
			isa = PBXGroup;
			children = (
				9657E1B920F4FABA00888D48 /* observer1.png */,
				9657E1BA20F4FABA00888D48 /* observer2.png */,
				9657E1BB20F4FABA00888D48 /* observer3.png */,
			);
			path = Resource;
			sourceTree = "<group>";
		};
/* End PBXGroup section */

/* Begin PBXNativeTarget section */
		045F542F20EDFA8800B0327A /* IOS_DesignMode_Demo */ = {
			isa = PBXNativeTarget;
			buildConfigurationList = 045F545C20EDFA9D00B0327A /* Build configuration list for PBXNativeTarget "IOS_DesignMode_Demo" */;
			buildPhases = (
				045F542C20EDFA8800B0327A /* Sources */,
				045F542D20EDFA8800B0327A /* Frameworks */,
				045F542E20EDFA8800B0327A /* Resources */,
			);
			buildRules = (
			);
			dependencies = (
			);
			name = IOS_DesignMode_Demo;
			productName = IOS_DesignMode_Demo;
			productReference = 045F543020EDFA8800B0327A /* IOS_DesignMode_Demo.app */;
			productType = "com.apple.product-type.application";
		};
		045F544720EDFA9D00B0327A /* IOS_DesignMode_DemoTests */ = {
			isa = PBXNativeTarget;
			buildConfigurationList = 045F545F20EDFA9D00B0327A /* Build configuration list for PBXNativeTarget "IOS_DesignMode_DemoTests" */;
			buildPhases = (
				045F544420EDFA9D00B0327A /* Sources */,
				045F544520EDFA9D00B0327A /* Frameworks */,
				045F544620EDFA9D00B0327A /* Resources */,
			);
			buildRules = (
			);
			dependencies = (
				045F544A20EDFA9D00B0327A /* PBXTargetDependency */,
			);
			name = IOS_DesignMode_DemoTests;
			productName = IOS_DesignMode_DemoTests;
			productReference = 045F544820EDFA9D00B0327A /* IOS_DesignMode_DemoTests.xctest */;
			productType = "com.apple.product-type.bundle.unit-test";
		};
		045F545220EDFA9D00B0327A /* IOS_DesignMode_DemoUITests */ = {
			isa = PBXNativeTarget;
			buildConfigurationList = 045F546220EDFA9D00B0327A /* Build configuration list for PBXNativeTarget "IOS_DesignMode_DemoUITests" */;
			buildPhases = (
				045F544F20EDFA9D00B0327A /* Sources */,
				045F545020EDFA9D00B0327A /* Frameworks */,
				045F545120EDFA9D00B0327A /* Resources */,
			);
			buildRules = (
			);
			dependencies = (
				045F545520EDFA9D00B0327A /* PBXTargetDependency */,
			);
			name = IOS_DesignMode_DemoUITests;
			productName = IOS_DesignMode_DemoUITests;
			productReference = 045F545320EDFA9D00B0327A /* IOS_DesignMode_DemoUITests.xctest */;
			productType = "com.apple.product-type.bundle.ui-testing";
		};
/* End PBXNativeTarget section */

/* Begin PBXProject section */
		045F542820EDFA8800B0327A /* Project object */ = {
			isa = PBXProject;
			attributes = {
				LastUpgradeCheck = 0940;
				ORGANIZATIONNAME = Riven;
				TargetAttributes = {
					045F542F20EDFA8800B0327A = {
						CreatedOnToolsVersion = 9.4.1;
					};
					045F544720EDFA9D00B0327A = {
						CreatedOnToolsVersion = 9.4.1;
						TestTargetID = 045F542F20EDFA8800B0327A;
					};
					045F545220EDFA9D00B0327A = {
						CreatedOnToolsVersion = 9.4.1;
						TestTargetID = 045F542F20EDFA8800B0327A;
					};
				};
			};
			buildConfigurationList = 045F542B20EDFA8800B0327A /* Build configuration list for PBXProject "IOS_DesignMode_Demo" */;
			compatibilityVersion = "Xcode 9.3";
			developmentRegion = en;
			hasScannedForEncodings = 0;
			knownRegions = (
				en,
				Base,
			);
			mainGroup = 045F542720EDFA8800B0327A;
			productRefGroup = 045F543120EDFA8800B0327A /* Products */;
			projectDirPath = "";
			projectRoot = "";
			targets = (
				045F542F20EDFA8800B0327A /* IOS_DesignMode_Demo */,
				045F544720EDFA9D00B0327A /* IOS_DesignMode_DemoTests */,
				045F545220EDFA9D00B0327A /* IOS_DesignMode_DemoUITests */,
			);
		};
/* End PBXProject section */

/* Begin PBXResourcesBuildPhase section */
		045F542E20EDFA8800B0327A /* Resources */ = {
			isa = PBXResourcesBuildPhase;
			buildActionMask = 2147483647;
			files = (
				964AD73A20F3987600903B79 /* IOS_BridgeMode_README.md in Resources */,
				963EC99220F119DD0089A3CE /* composite0.png in Resources */,
				045F548E20EF131100B0327A /* 1.png in Resources */,
				963EC98E20F110720089A3CE /* composite1.png in Resources */,
				9657E1BE20F4FABA00888D48 /* observer3.png in Resources */,
				045F544020EDFA9C00B0327A /* LaunchScreen.storyboard in Resources */,
				045F548A20EF12DC00B0327A /* object.png in Resources */,
				963EC98A20F10E7D0089A3CE /* IOS_CompositeMode_README.md in Resources */,
				963EC96020F09BE70089A3CE /* facade.png in Resources */,
				045F543D20EDFA9C00B0327A /* Assets.xcassets in Resources */,
				963EC97420F0D2E70089A3CE /* decorator.png in Resources */,
				964AD73C20F39ABB00903B79 /* bridge.png in Resources */,
				045F548920EF12DC00B0327A /* class.png in Resources */,
				045F547720EE0FE000B0327A /* IOS_PrototypeMode_README.md in Resources */,
				045F548120EE211500B0327A /* IOS_SingletonMode_README.md in Resources */,
				9657E1BD20F4FABA00888D48 /* observer2.png in Resources */,
				9657E1BC20F4FABA00888D48 /* observer1.png in Resources */,
				963EC95E20F09B7D0089A3CE /* IOA_FacadeMode_README.md in Resources */,
				963EC99020F1188F0089A3CE /* composite3.png in Resources */,
				963EC97220F0CDEC0089A3CE /* IOS_DecoratorMode_README.md in Resources */,
				963EC96B20F0AB3F0089A3CE /* 1.png in Resources */,
				964AD73E20F3A89300903B79 /* bridge2.png in Resources */,
				045F543B20EDFA8800B0327A /* Main.storyboard in Resources */,
				963EC98D20F110720089A3CE /* composite2.png in Resources */,
				045F546720EDFBCE00B0327A /* IOS_BuilderMode_Readme.md in Resources */,
				045F548520EF100F00B0327A /* IOS_AdapterMode_README.md in Resources */,
				9657E1B820F4F98A00888D48 /* IOS_ObserverMode_README.md in Resources */,
				045F549F20EF4A3A00B0327A /* IOS_ProxyMode_READMD.md in Resources */,
				045F54A120EF4C8000B0327A /* proxy.png in Resources */,
			);
			runOnlyForDeploymentPostprocessing = 0;
		};
		045F544620EDFA9D00B0327A /* Resources */ = {
			isa = PBXResourcesBuildPhase;
			buildActionMask = 2147483647;
			files = (
			);
			runOnlyForDeploymentPostprocessing = 0;
		};
		045F545120EDFA9D00B0327A /* Resources */ = {
			isa = PBXResourcesBuildPhase;
			buildActionMask = 2147483647;
			files = (
			);
			runOnlyForDeploymentPostprocessing = 0;
		};
/* End PBXResourcesBuildPhase section */

/* Begin PBXSourcesBuildPhase section */
		045F542C20EDFA8800B0327A /* Sources */ = {
			isa = PBXSourcesBuildPhase;
			buildActionMask = 2147483647;
			files = (
				045F543820EDFA8800B0327A /* ViewController.m in Sources */,
				045F546E20EDFE7E00B0327A /* DMRProduct.m in Sources */,
				045F549B20EF1FAB00B0327A /* DMRAdaptee.m in Sources */,
				045F549120EF1BC300B0327A /* DMRClassAdapter.m in Sources */,
				963EC97E20F0DDF90089A3CE /* DMRDecoratorFirst.m in Sources */,
				964AD74E20F3C0E900903B79 /* DMRBridgeClient.m in Sources */,
				9657E1C320F5037E00888D48 /* DMRObserverConcreteObserver.m in Sources */,
				964AD74B20F3C04A00903B79 /* DMRBridgeConcreteImplementorB.m in Sources */,
				964AD74520F3B39A00903B79 /* DMRBridgeRefinedAbstraction.m in Sources */,
				045F547B20EE147A00B0327A /* DMRPrototype.m in Sources */,
				045F546B20EDFDB200B0327A /* DMRBuilder.m in Sources */,
				045F547E20EE19A100B0327A /* DMRPrototypeClient.m in Sources */,
				963EC96320F0A8410089A3CE /* DMRSystemOne.m in Sources */,
				964AD74820F3BCE600903B79 /* DMRBridgeConcreteImplementorA.m in Sources */,
				045F547420EE06A500B0327A /* DMRDirectorBuilder.m in Sources */,
				045F549420EF1BD200B0327A /* DMRObjectAdapter.m in Sources */,
				963EC98420F0E1AC0089A3CE /* DMRDecoratorTest.m in Sources */,
				9657E1C620F5038E00888D48 /* DMRObserverConcreteSubject.m in Sources */,
				045F544320EDFA9D00B0327A /* main.m in Sources */,
				045F54A520EF511C00B0327A /* DMRProxy.m in Sources */,
				045F549720EF1BF200B0327A /* DMRNormalTarget.m in Sources */,
				960F723320EE58F600CFFA07 /* DMRSingletonSecond.m in Sources */,
				963EC96620F0A8560089A3CE /* DMRSystemTwo.m in Sources */,
				045F54A820EF51BF00B0327A /* DMRConsignor.m in Sources */,
				963EC96E20F0AD770089A3CE /* DMRFacade.m in Sources */,
				963DEEB420F1BAAA008FD02C /* DMRCompositeLeaf.m in Sources */,
				960F723020EE589300CFFA07 /* DMRSingleton.m in Sources */,
				963DEEBA20F1BE3B008FD02C /* DMRCompositeTest.m in Sources */,
				963DEEB720F1BC00008FD02C /* DMRCompositeComposite.m in Sources */,
				045F543520EDFA8800B0327A /* AppDelegate.m in Sources */,
				963EC97820F0D95A0089A3CE /* DMRContreteComponent.m in Sources */,
				963EC98120F0DE060089A3CE /* DMRDecoratorSecond.m in Sources */,
				963EC97B20F0DACC0089A3CE /* DMRDecorator.m in Sources */,
				045F547120EE035C00B0327A /* DMRDirector.m in Sources */,
				9657E1C920F5086500888D48 /* DMRObserverClient.m in Sources */,
				963EC96920F0A8640089A3CE /* DMRSystemThree.m in Sources */,
				963DEEB120F1B3B1008FD02C /* DMRCompositeComponent.m in Sources */,
			);
			runOnlyForDeploymentPostprocessing = 0;
		};
		045F544420EDFA9D00B0327A /* Sources */ = {
			isa = PBXSourcesBuildPhase;
			buildActionMask = 2147483647;
			files = (
				045F544D20EDFA9D00B0327A /* IOS_DesignMode_DemoTests.m in Sources */,
			);
			runOnlyForDeploymentPostprocessing = 0;
		};
		045F544F20EDFA9D00B0327A /* Sources */ = {
			isa = PBXSourcesBuildPhase;
			buildActionMask = 2147483647;
			files = (
				045F545820EDFA9D00B0327A /* IOS_DesignMode_DemoUITests.m in Sources */,
			);
			runOnlyForDeploymentPostprocessing = 0;
		};
/* End PBXSourcesBuildPhase section */

/* Begin PBXTargetDependency section */
		045F544A20EDFA9D00B0327A /* PBXTargetDependency */ = {
			isa = PBXTargetDependency;
			target = 045F542F20EDFA8800B0327A /* IOS_DesignMode_Demo */;
			targetProxy = 045F544920EDFA9D00B0327A /* PBXContainerItemProxy */;
		};
		045F545520EDFA9D00B0327A /* PBXTargetDependency */ = {
			isa = PBXTargetDependency;
			target = 045F542F20EDFA8800B0327A /* IOS_DesignMode_Demo */;
			targetProxy = 045F545420EDFA9D00B0327A /* PBXContainerItemProxy */;
		};
/* End PBXTargetDependency section */

/* Begin PBXVariantGroup section */
		045F543920EDFA8800B0327A /* Main.storyboard */ = {
			isa = PBXVariantGroup;
			children = (
				045F543A20EDFA8800B0327A /* Base */,
			);
			name = Main.storyboard;
			sourceTree = "<group>";
		};
		045F543E20EDFA9C00B0327A /* LaunchScreen.storyboard */ = {
			isa = PBXVariantGroup;
			children = (
				045F543F20EDFA9C00B0327A /* Base */,
			);
			name = LaunchScreen.storyboard;
			sourceTree = "<group>";
		};
/* End PBXVariantGroup section */

/* Begin XCBuildConfiguration section */
		045F545A20EDFA9D00B0327A /* Debug */ = {
			isa = XCBuildConfiguration;
			buildSettings = {
				ALWAYS_SEARCH_USER_PATHS = NO;
				CLANG_ANALYZER_NONNULL = YES;
				CLANG_ANALYZER_NUMBER_OBJECT_CONVERSION = YES_AGGRESSIVE;
				CLANG_CXX_LANGUAGE_STANDARD = "gnu++14";
				CLANG_CXX_LIBRARY = "libc++";
				CLANG_ENABLE_MODULES = YES;
				CLANG_ENABLE_OBJC_ARC = YES;
				CLANG_ENABLE_OBJC_WEAK = YES;
				CLANG_WARN_BLOCK_CAPTURE_AUTORELEASING = YES;
				CLANG_WARN_BOOL_CONVERSION = YES;
				CLANG_WARN_COMMA = YES;
				CLANG_WARN_CONSTANT_CONVERSION = YES;
				CLANG_WARN_DEPRECATED_OBJC_IMPLEMENTATIONS = YES;
				CLANG_WARN_DIRECT_OBJC_ISA_USAGE = YES_ERROR;
				CLANG_WARN_DOCUMENTATION_COMMENTS = YES;
				CLANG_WARN_EMPTY_BODY = YES;
				CLANG_WARN_ENUM_CONVERSION = YES;
				CLANG_WARN_INFINITE_RECURSION = YES;
				CLANG_WARN_INT_CONVERSION = YES;
				CLANG_WARN_NON_LITERAL_NULL_CONVERSION = YES;
				CLANG_WARN_OBJC_IMPLICIT_RETAIN_SELF = YES;
				CLANG_WARN_OBJC_LITERAL_CONVERSION = YES;
				CLANG_WARN_OBJC_ROOT_CLASS = YES_ERROR;
				CLANG_WARN_RANGE_LOOP_ANALYSIS = YES;
				CLANG_WARN_STRICT_PROTOTYPES = YES;
				CLANG_WARN_SUSPICIOUS_MOVE = YES;
				CLANG_WARN_UNGUARDED_AVAILABILITY = YES_AGGRESSIVE;
				CLANG_WARN_UNREACHABLE_CODE = YES;
				CLANG_WARN__DUPLICATE_METHOD_MATCH = YES;
				CODE_SIGN_IDENTITY = "iPhone Developer";
				COPY_PHASE_STRIP = NO;
				DEBUG_INFORMATION_FORMAT = dwarf;
				ENABLE_STRICT_OBJC_MSGSEND = YES;
				ENABLE_TESTABILITY = YES;
				GCC_C_LANGUAGE_STANDARD = gnu11;
				GCC_DYNAMIC_NO_PIC = NO;
				GCC_NO_COMMON_BLOCKS = YES;
				GCC_OPTIMIZATION_LEVEL = 0;
				GCC_PREPROCESSOR_DEFINITIONS = (
					"DEBUG=1",
					"$(inherited)",
				);
				GCC_WARN_64_TO_32_BIT_CONVERSION = YES;
				GCC_WARN_ABOUT_RETURN_TYPE = YES_ERROR;
				GCC_WARN_UNDECLARED_SELECTOR = YES;
				GCC_WARN_UNINITIALIZED_AUTOS = YES_AGGRESSIVE;
				GCC_WARN_UNUSED_FUNCTION = YES;
				GCC_WARN_UNUSED_VARIABLE = YES;
				IPHONEOS_DEPLOYMENT_TARGET = 11.4;
				MTL_ENABLE_DEBUG_INFO = YES;
				ONLY_ACTIVE_ARCH = YES;
				SDKROOT = iphoneos;
			};
			name = Debug;
		};
		045F545B20EDFA9D00B0327A /* Release */ = {
			isa = XCBuildConfiguration;
			buildSettings = {
				ALWAYS_SEARCH_USER_PATHS = NO;
				CLANG_ANALYZER_NONNULL = YES;
				CLANG_ANALYZER_NUMBER_OBJECT_CONVERSION = YES_AGGRESSIVE;
				CLANG_CXX_LANGUAGE_STANDARD = "gnu++14";
				CLANG_CXX_LIBRARY = "libc++";
				CLANG_ENABLE_MODULES = YES;
				CLANG_ENABLE_OBJC_ARC = YES;
				CLANG_ENABLE_OBJC_WEAK = YES;
				CLANG_WARN_BLOCK_CAPTURE_AUTORELEASING = YES;
				CLANG_WARN_BOOL_CONVERSION = YES;
				CLANG_WARN_COMMA = YES;
				CLANG_WARN_CONSTANT_CONVERSION = YES;
				CLANG_WARN_DEPRECATED_OBJC_IMPLEMENTATIONS = YES;
				CLANG_WARN_DIRECT_OBJC_ISA_USAGE = YES_ERROR;
				CLANG_WARN_DOCUMENTATION_COMMENTS = YES;
				CLANG_WARN_EMPTY_BODY = YES;
				CLANG_WARN_ENUM_CONVERSION = YES;
				CLANG_WARN_INFINITE_RECURSION = YES;
				CLANG_WARN_INT_CONVERSION = YES;
				CLANG_WARN_NON_LITERAL_NULL_CONVERSION = YES;
				CLANG_WARN_OBJC_IMPLICIT_RETAIN_SELF = YES;
				CLANG_WARN_OBJC_LITERAL_CONVERSION = YES;
				CLANG_WARN_OBJC_ROOT_CLASS = YES_ERROR;
				CLANG_WARN_RANGE_LOOP_ANALYSIS = YES;
				CLANG_WARN_STRICT_PROTOTYPES = YES;
				CLANG_WARN_SUSPICIOUS_MOVE = YES;
				CLANG_WARN_UNGUARDED_AVAILABILITY = YES_AGGRESSIVE;
				CLANG_WARN_UNREACHABLE_CODE = YES;
				CLANG_WARN__DUPLICATE_METHOD_MATCH = YES;
				CODE_SIGN_IDENTITY = "iPhone Developer";
				COPY_PHASE_STRIP = NO;
				DEBUG_INFORMATION_FORMAT = "dwarf-with-dsym";
				ENABLE_NS_ASSERTIONS = NO;
				ENABLE_STRICT_OBJC_MSGSEND = YES;
				GCC_C_LANGUAGE_STANDARD = gnu11;
				GCC_NO_COMMON_BLOCKS = YES;
				GCC_WARN_64_TO_32_BIT_CONVERSION = YES;
				GCC_WARN_ABOUT_RETURN_TYPE = YES_ERROR;
				GCC_WARN_UNDECLARED_SELECTOR = YES;
				GCC_WARN_UNINITIALIZED_AUTOS = YES_AGGRESSIVE;
				GCC_WARN_UNUSED_FUNCTION = YES;
				GCC_WARN_UNUSED_VARIABLE = YES;
				IPHONEOS_DEPLOYMENT_TARGET = 11.4;
				MTL_ENABLE_DEBUG_INFO = NO;
				SDKROOT = iphoneos;
				VALIDATE_PRODUCT = YES;
			};
			name = Release;
		};
		045F545D20EDFA9D00B0327A /* Debug */ = {
			isa = XCBuildConfiguration;
			buildSettings = {
				ASSETCATALOG_COMPILER_APPICON_NAME = AppIcon;
				CODE_SIGN_STYLE = Automatic;
				INFOPLIST_FILE = IOS_DesignMode_Demo/Info.plist;
				LD_RUNPATH_SEARCH_PATHS = (
					"$(inherited)",
					"@executable_path/Frameworks",
				);
				PRODUCT_BUNDLE_IDENTIFIER = "com.riven.IOS-DesignMode-Demo";
				PRODUCT_NAME = "$(TARGET_NAME)";
				TARGETED_DEVICE_FAMILY = "1,2";
			};
			name = Debug;
		};
		045F545E20EDFA9D00B0327A /* Release */ = {
			isa = XCBuildConfiguration;
			buildSettings = {
				ASSETCATALOG_COMPILER_APPICON_NAME = AppIcon;
				CODE_SIGN_STYLE = Automatic;
				INFOPLIST_FILE = IOS_DesignMode_Demo/Info.plist;
				LD_RUNPATH_SEARCH_PATHS = (
					"$(inherited)",
					"@executable_path/Frameworks",
				);
				PRODUCT_BUNDLE_IDENTIFIER = "com.riven.IOS-DesignMode-Demo";
				PRODUCT_NAME = "$(TARGET_NAME)";
				TARGETED_DEVICE_FAMILY = "1,2";
			};
			name = Release;
		};
		045F546020EDFA9D00B0327A /* Debug */ = {
			isa = XCBuildConfiguration;
			buildSettings = {
				BUNDLE_LOADER = "$(TEST_HOST)";
				CODE_SIGN_STYLE = Automatic;
				INFOPLIST_FILE = IOS_DesignMode_DemoTests/Info.plist;
				LD_RUNPATH_SEARCH_PATHS = (
					"$(inherited)",
					"@executable_path/Frameworks",
					"@loader_path/Frameworks",
				);
				PRODUCT_BUNDLE_IDENTIFIER = "com.riven.IOS-DesignMode-DemoTests";
				PRODUCT_NAME = "$(TARGET_NAME)";
				TARGETED_DEVICE_FAMILY = "1,2";
				TEST_HOST = "$(BUILT_PRODUCTS_DIR)/IOS_DesignMode_Demo.app/IOS_DesignMode_Demo";
			};
			name = Debug;
		};
		045F546120EDFA9D00B0327A /* Release */ = {
			isa = XCBuildConfiguration;
			buildSettings = {
				BUNDLE_LOADER = "$(TEST_HOST)";
				CODE_SIGN_STYLE = Automatic;
				INFOPLIST_FILE = IOS_DesignMode_DemoTests/Info.plist;
				LD_RUNPATH_SEARCH_PATHS = (
					"$(inherited)",
					"@executable_path/Frameworks",
					"@loader_path/Frameworks",
				);
				PRODUCT_BUNDLE_IDENTIFIER = "com.riven.IOS-DesignMode-DemoTests";
				PRODUCT_NAME = "$(TARGET_NAME)";
				TARGETED_DEVICE_FAMILY = "1,2";
				TEST_HOST = "$(BUILT_PRODUCTS_DIR)/IOS_DesignMode_Demo.app/IOS_DesignMode_Demo";
			};
			name = Release;
		};
		045F546320EDFA9D00B0327A /* Debug */ = {
			isa = XCBuildConfiguration;
			buildSettings = {
				CODE_SIGN_STYLE = Automatic;
				INFOPLIST_FILE = IOS_DesignMode_DemoUITests/Info.plist;
				LD_RUNPATH_SEARCH_PATHS = (
					"$(inherited)",
					"@executable_path/Frameworks",
					"@loader_path/Frameworks",
				);
				PRODUCT_BUNDLE_IDENTIFIER = "com.riven.IOS-DesignMode-DemoUITests";
				PRODUCT_NAME = "$(TARGET_NAME)";
				TARGETED_DEVICE_FAMILY = "1,2";
				TEST_TARGET_NAME = IOS_DesignMode_Demo;
			};
			name = Debug;
		};
		045F546420EDFA9D00B0327A /* Release */ = {
			isa = XCBuildConfiguration;
			buildSettings = {
				CODE_SIGN_STYLE = Automatic;
				INFOPLIST_FILE = IOS_DesignMode_DemoUITests/Info.plist;
				LD_RUNPATH_SEARCH_PATHS = (
					"$(inherited)",
					"@executable_path/Frameworks",
					"@loader_path/Frameworks",
				);
				PRODUCT_BUNDLE_IDENTIFIER = "com.riven.IOS-DesignMode-DemoUITests";
				PRODUCT_NAME = "$(TARGET_NAME)";
				TARGETED_DEVICE_FAMILY = "1,2";
				TEST_TARGET_NAME = IOS_DesignMode_Demo;
			};
			name = Release;
		};
/* End XCBuildConfiguration section */

/* Begin XCConfigurationList section */
		045F542B20EDFA8800B0327A /* Build configuration list for PBXProject "IOS_DesignMode_Demo" */ = {
			isa = XCConfigurationList;
			buildConfigurations = (
				045F545A20EDFA9D00B0327A /* Debug */,
				045F545B20EDFA9D00B0327A /* Release */,
			);
			defaultConfigurationIsVisible = 0;
			defaultConfigurationName = Release;
		};
		045F545C20EDFA9D00B0327A /* Build configuration list for PBXNativeTarget "IOS_DesignMode_Demo" */ = {
			isa = XCConfigurationList;
			buildConfigurations = (
				045F545D20EDFA9D00B0327A /* Debug */,
				045F545E20EDFA9D00B0327A /* Release */,
			);
			defaultConfigurationIsVisible = 0;
			defaultConfigurationName = Release;
		};
		045F545F20EDFA9D00B0327A /* Build configuration list for PBXNativeTarget "IOS_DesignMode_DemoTests" */ = {
			isa = XCConfigurationList;
			buildConfigurations = (
				045F546020EDFA9D00B0327A /* Debug */,
				045F546120EDFA9D00B0327A /* Release */,
			);
			defaultConfigurationIsVisible = 0;
			defaultConfigurationName = Release;
		};
		045F546220EDFA9D00B0327A /* Build configuration list for PBXNativeTarget "IOS_DesignMode_DemoUITests" */ = {
			isa = XCConfigurationList;
			buildConfigurations = (
				045F546320EDFA9D00B0327A /* Debug */,
				045F546420EDFA9D00B0327A /* Release */,
			);
			defaultConfigurationIsVisible = 0;
			defaultConfigurationName = Release;
		};
/* End XCConfigurationList section */
	};
	rootObject = 045F542820EDFA8800B0327A /* Project object */;
}
